
Microsoft Visual Studio Solution File, Format Version 11.00
# Visual Studio 2010
Project("{FAE04EC0-301F-11D3-BF4B-00C04F79EFBC}") = "BouncingBox.MacOS", "BouncingBox\BouncingBox.MacOS.csproj", "{4480BF44-7CE2-4A22-9372-DAFA3B05390E}"
EndProject
Project("{2150E333-8FDC-42A3-9474-1A3956D46DE8}") = "BookSourceCode", "BookSourceCode", "{80262DC5-B246-4DF4-88CD-D1742CCF81BA}"
EndProject
Project("{FAE04EC0-301F-11D3-BF4B-00C04F79EFBC}") = "AsteroidBeltAssault.MacOS", "BookSourceCode\XNAGameDevelopmentbyExampleCode\AsteroidBeltAssault\AsteroidBeltAssault.MacOS.csproj", "{1585306B-CF46-479D-B234-1E10EDF4D741}"
EndProject
Project("{FAE04EC0-301F-11D3-BF4B-00C04F79EFBC}") = "FloodControl.MacOS", "BookSourceCode\XNAGameDevelopmentbyExampleCode\FloodControl\FloodControl.MacOS.csproj", "{F3115910-E6D1-450D-97FB-A8168A5D622E}"
EndProject
Project("{FAE04EC0-301F-11D3-BF4B-00C04F79EFBC}") = "GemstoneHunter.MacOS", "BookSourceCode\XNAGameDevelopmentbyExampleCode\GemstoneHunter\GemstoneHunter.MacOS.csproj", "{81313197-A8DF-4465-B503-2DD8248B80A9}"
EndProject
Project("{FAE04EC0-301F-11D3-BF4B-00C04F79EFBC}") = "RobotRampage.MacOS", "BookSourceCode\XNAGameDevelopmentbyExampleCode\RobotRampage\RobotRampage.MacOS.csproj", "{9522776F-02BA-4BED-B8BB-6BAE580F4068}"
EndProject
Project("{FAE04EC0-301F-11D3-BF4B-00C04F79EFBC}") = "Tile Engine.MacOS", "BookSourceCode\XNAGameDevelopmentbyExampleCode\GemstoneHunter\TileEngine\Tile Engine.MacOS.csproj", "{521972FD-1A9B-4CFD-A435-EB2224985131}"
EndProject
Project("{FAE04EC0-301F-11D3-BF4B-00C04F79EFBC}") = "ChaseAndEvade.MacOS", "ChaseAndEvade\ChaseAndEvade.MacOS.csproj", "{D03F3BAF-E4D0-4B6B-A567-9A0E2F882335}"
EndProject
Project("{FAE04EC0-301F-11D3-BF4B-00C04F79EFBC}") = "GameStateManagement.MacOS", "GameStateManagement\GameStateManagement.MacOS.csproj", "{4AD6BC7A-DB9A-4A6F-9EE2-DAD9B0BBA2A8}"
EndProject
Project("{FAE04EC0-301F-11D3-BF4B-00C04F79EFBC}") = "GooCursor.MacOS", "GooCursor\GooCursor.MacOS.csproj", "{18E6467D-47C4-47CA-8CD1-508AD311C054}"
EndProject
Project("{FAE04EC0-301F-11D3-BF4B-00C04F79EFBC}") = "HoneycombRush.MacOS", "HoneycombRush\HoneycombRush.MacOS.csproj", "{2C0696B3-0D1E-4039-B4AB-9A210B3CF290}"
EndProject
Project("{FAE04EC0-301F-11D3-BF4B-00C04F79EFBC}") = "NetRumble.MacOS", "NetRumble\NetRumble.MacOS.csproj", "{52735207-2136-433B-A3E4-4C082728EED8}"
EndProject
Project("{FAE04EC0-301F-11D3-BF4B-00C04F79EFBC}") = "NetworkPrediction.MacOS", "NetworkPrediction\NetworkPrediction.MacOS.csproj", "{05E3B2AB-1E38-4E19-864D-BECFA95139D6}"
EndProject
Project("{FAE04EC0-301F-11D3-BF4B-00C04F79EFBC}") = "NetworkStateManagement.MacOS", "NetworkStateManagement\NetworkStateManagement.MacOS.csproj", "{71871CF8-8563-4FA3-ABF2-EC1CBBF817E4}"
EndProject
Project("{FAE04EC0-301F-11D3-BF4B-00C04F79EFBC}") = "Particle3DSample.MacOS", "Particle3DSample\Particle3DSample.MacOS.csproj", "{1230A19A-FA76-4D12-85E5-68A452315299}"
EndProject
Project("{FAE04EC0-301F-11D3-BF4B-00C04F79EFBC}") = "Peer2PeerSample.MacOS", "Peer2PeerSample\Peer2PeerSample.MacOS.csproj", "{27C1B777-4E37-4E2B-9CE4-5FDEE8CD9C40}"
EndProject
Project("{FAE04EC0-301F-11D3-BF4B-00C04F79EFBC}") = "PerPixelCollisionSample.MacOS", "PerPixelCollisionSample\PerPixelCollisionSample.MacOS.csproj", "{56C67234-2829-4AB0-8FEE-C8D01617CDCE}"
EndProject
Project("{FAE04EC0-301F-11D3-BF4B-00C04F79EFBC}") = "RectangleCollisionSample.MacOS", "RectangleCollisionSample\RectangleCollisionSample.MacOS.csproj", "{466FBEF8-3AB2-4CED-92B6-6250CFD310DB}"
EndProject
Project("{FAE04EC0-301F-11D3-BF4B-00C04F79EFBC}") = "SpriteEffects.MacOS", "SpriteEffects\SpriteEffects.MacOS.csproj", "{3B9ABB34-4D0F-4CFD-A02D-30D5569A060B}"
EndProject
Project("{FAE04EC0-301F-11D3-BF4B-00C04F79EFBC}") = "Tetris.MacOS", "Tetris\Tetris.MacOS.csproj", "{FE144248-B1ED-4A7C-980C-7A2E603CE604}"
EndProject
Project("{FAE04EC0-301F-11D3-BF4B-00C04F79EFBC}") = "TiledSprites.MacOS", "TiledSprites\TiledSprites.MacOS.csproj", "{7D24D7EA-822C-4991-8BC9-1C2EF9C5F59A}"
EndProject
Project("{FAE04EC0-301F-11D3-BF4B-00C04F79EFBC}") = "TransformedCollisionSample.MacOS", "TransformedCollisionSample\TransformedCollisionSample.MacOS.csproj", "{73162561-6D3B-4A7F-AC4B-E7040B0824BE}"
EndProject
Project("{2150E333-8FDC-42A3-9474-1A3956D46DE8}") = "RolePlayingGame", "RolePlayingGame", "{D8364542-40DC-4D3C-9893-5DF46B9CEF77}"
EndProject
Project("{FAE04EC0-301F-11D3-BF4B-00C04F79EFBC}") = "RolePlayingGame.MacOS", "RolePlayingGame\RolePlayingGame.MacOS.csproj", "{75200892-E593-49EE-82D5-F59DB45883AD}"
EndProject
Project("{FAE04EC0-301F-11D3-BF4B-00C04F79EFBC}") = "RolePlayingGameData", "RolePlayingGame\RolePlayingGameData\RolePlayingGameData.csproj", "{098BBC2D-63A6-4C22-8A30-E6C4F4FC0AC4}"
EndProject
Project("{FAE04EC0-301F-11D3-BF4B-00C04F79EFBC}") = "RenderTarget2DSample.MacOS", "RenderTarget2DSample\RenderTarget2DSample.MacOS.csproj", "{973C423F-0CC0-4230-9E67-D944ED70ED19}"
EndProject
Project("{FAE04EC0-301F-11D3-BF4B-00C04F79EFBC}") = "ParticleSample.MacOS", "ParticleSample\ParticleSample.MacOS.csproj", "{5CA0180F-C404-431A-87B5-03A26E5BFA23}"
EndProject
Project("{FAE04EC0-301F-11D3-BF4B-00C04F79EFBC}") = "VideoPlayer.MacOS", "VideoPlayer\VideoPlayer.MacOS.csproj", "{71192C89-7FB6-49A4-A19D-FC89E3D18248}"
EndProject
Project("{FAE04EC0-301F-11D3-BF4B-00C04F79EFBC}") = "StarWarrior.MacOS", "StarWarrior\StarWarrior.MacOS.csproj", "{C9382003-668B-48E6-86BC-7ECDE3ECFDBE}"
EndProject
Project("{FAE04EC0-301F-11D3-BF4B-00C04F79EFBC}") = "Primitives.MacOS", "Primitives\Primitives.MacOS.csproj", "{2DDBFED4-9955-4F02-9937-B9AE82836329}"
EndProject
Project("{FAE04EC0-301F-11D3-BF4B-00C04F79EFBC}") = "BackgroundThreadTester.MacOS", "BackgroundThreadTester\BackgroundThreadTester.MacOS.csproj", "{8592FA21-37B6-41C8-BC7F-17EB4930B96A}"
EndProject
Project("{FAE04EC0-301F-11D3-BF4B-00C04F79EFBC}") = "InputReporter.MacOS", "InputReporter\InputReporter.MacOS.csproj", "{A0669F3D-AB7C-43BB-9423-506E24629EF0}"
EndProject
Project("{FAE04EC0-301F-11D3-BF4B-00C04F79EFBC}") = "TexturedQuad.MacOS", "TexturedQuad\TexturedQuad.MacOS.csproj", "{ECD1D53E-F50A-4299-9B0F-2F64D6063513}"
EndProject
Project("{FAE04EC0-301F-11D3-BF4B-00C04F79EFBC}") = "Colored3DCube.MacOS", "Colored3DCube\Colored3DCube.MacOS.csproj", "{CF7A194A-CF38-4379-909F-1B5FFB8F79C4}"
EndProject
Project("{FAE04EC0-301F-11D3-BF4B-00C04F79EFBC}") = "UseCustomVertex.MacOS", "UseCustomVertex\UseCustomVertex.MacOS.csproj", "{2E7EF8E4-5662-4E24-A23E-860CA89334C1}"
EndProject
Project("{FAE04EC0-301F-11D3-BF4B-00C04F79EFBC}") = "CatapaultGame.MacOS", "CatapaultWars\CatapaultGame.MacOS.csproj", "{1F4BF77D-34DA-417D-96DE-24213A05729B}"
EndProject
Project("{FAE04EC0-301F-11D3-BF4B-00C04F79EFBC}") = "CatapultNetWars.MacOS", "CatapultNetWars\CatapultNetWars.MacOS.csproj", "{1F4BF87D-34DA-417D-96DE-24213A05739B}"
EndProject
Project("{FAE04EC0-301F-11D3-BF4B-00C04F79EFBC}") = "XNAPacMan.MacOS", "XNAPacMan\XNAPacMan.MacOS.csproj", "{557C7051-DFEB-4F19-A706-102574443BCB}"
EndProject
Project("{FAE04EC0-301F-11D3-BF4B-00C04F79EFBC}") = "Draw2D.MacOS", "Draw2D\Draw2D.MacOS.csproj", "{A82EAD58-40D7-49BE-8F24-09FEA34F9E55}"
EndProject
Project("{FAE04EC0-301F-11D3-BF4B-00C04F79EFBC}") = "ParticleSettings", "Particle3DSample\ParticleSettings\ParticleSettings.csproj", "{3388FF68-6F15-4F36-B226-7823E5309E92}"
EndProject
Project("{FAE04EC0-301F-11D3-BF4B-00C04F79EFBC}") = "Graphics3DSample.MacOS", "Graphics3DSample\Graphics3DSample.MacOS.csproj", "{C3D02EFA-1C48-415C-8811-56D20434FD68}"
EndProject
Project("{FAE04EC0-301F-11D3-BF4B-00C04F79EFBC}") = "ReachGraphicsDemoDataTypes.MacOS", "ReachGraphicsDemoDataTypes\ReachGraphicsDemoDataTypes.MacOS.csproj", "{24A0BCFD-3B8C-4AC3-AE75-E50D2F7B8C79}"
EndProject
Project("{FAE04EC0-301F-11D3-BF4B-00C04F79EFBC}") = "ReachGraphicsDemo.MacOS", "ReachGraphicsDemo\ReachGraphicsDemo.MacOS.csproj", "{EF8F598D-9F68-44B1-9DD1-BEF79E088CF9}"
EndProject
Project("{FAE04EC0-301F-11D3-BF4B-00C04F79EFBC}") = "StencilsCratersTutorial.MacOS", "StencilsCratersTutorial\StencilsCratersTutorial.MacOS.csproj", "{CA462192-65AD-4403-9B27-08B02B28453E}"
EndProject
Project("{FAE04EC0-301F-11D3-BF4B-00C04F79EFBC}") = "XNA2DShaderExamples.MacOS", "XNA2DShaderExamples\XNA2DShaderExamples.MacOS.csproj", "{945C911A-A909-40B0-89EC-E66F1F2265AF}"
EndProject
Project("{FAE04EC0-301F-11D3-BF4B-00C04F79EFBC}") = "LensFlare.MacOS", "LensFlare\LensFlare.MacOS.csproj", "{3CBC795F-4472-4669-8A0F-9710F5D5CA56}"
EndProject
Project("{FAE04EC0-301F-11D3-BF4B-00C04F79EFBC}") = "PerformanceMeasuring.MacOS", "PerformanceMeasuring\PerformanceMeasuring.MacOS.csproj", "{C4FA34D5-2EE2-474B-A3C6-34025656FFD1}"
EndProject
Project("{FAE04EC0-301F-11D3-BF4B-00C04F79EFBC}") = "ShatterEffectSample.MacOS", "ShatterEffectSample\ShatterEffectSample.MacOS.csproj", "{60DCDBB0-ED03-4B55-9833-5EEDFC1B0C53}"
EndProject
Project("{FAE04EC0-301F-11D3-BF4B-00C04F79EFBC}") = "FarseerPhysicsEngine", "FarseerPhysicsEngine\FarseerPhysicsEngine.csproj", "{D6E4E5BC-8998-4718-8E84-80901E6739CC}"
EndProject
Project("{FAE04EC0-301F-11D3-BF4B-00C04F79EFBC}") = "FarseerSamples.MacOS", "FarseerSamples\FarseerSamples.MacOS.csproj", "{1221EA03-CCB7-4BC1-90C8-8B9816E1758D}"
EndProject
Project("{FAE04EC0-301F-11D3-BF4B-00C04F79EFBC}") = "BloomSample.MacOS", "BloomSample\BloomSample.MacOS.csproj", "{A93553D9-11E5-4B0B-9809-4E4765D5FD8F}"
EndProject
Project("{FAE04EC0-301F-11D3-BF4B-00C04F79EFBC}") = "Audio3D.MacOS", "Audio3D\Audio3D.MacOS.csproj", "{D5C989FD-6AE3-417F-BCB9-7AE30F195A31}"
EndProject
Project("{FAE04EC0-301F-11D3-BF4B-00C04F79EFBC}") = "ShadowMapping.MacOS", "ShadowMapping\ShadowMapping.MacOS.csproj", "{36473816-E068-4D38-84F3-F5564BA77FF8}"
EndProject
Global
	GlobalSection(SolutionConfigurationPlatforms) = preSolution
		Debug|Any CPU = Debug|Any CPU
		Release|Any CPU = Release|Any CPU
		Distribution|Any CPU = Distribution|Any CPU
		Debug|x86 = Debug|x86
		Release|x86 = Release|x86
		Debug|iPhoneSimulator = Debug|iPhoneSimulator
		Release|iPhoneSimulator = Release|iPhoneSimulator
		Debug|iPhone = Debug|iPhone
		Release|iPhone = Release|iPhone
		AppStore|Any CPU = AppStore|Any CPU
	EndGlobalSection
	GlobalSection(ProjectConfigurationPlatforms) = postSolution
		{05E3B2AB-1E38-4E19-864D-BECFA95139D6}.Debug|Any CPU.ActiveCfg = Debug|Any CPU
		{05E3B2AB-1E38-4E19-864D-BECFA95139D6}.Debug|Any CPU.Build.0 = Debug|Any CPU
		{05E3B2AB-1E38-4E19-864D-BECFA95139D6}.Debug|x86.ActiveCfg = Debug|Any CPU
		{05E3B2AB-1E38-4E19-864D-BECFA95139D6}.Debug|x86.Build.0 = Debug|Any CPU
		{05E3B2AB-1E38-4E19-864D-BECFA95139D6}.Distribution|Any CPU.ActiveCfg = Debug|Any CPU
		{05E3B2AB-1E38-4E19-864D-BECFA95139D6}.Distribution|Any CPU.Build.0 = Debug|Any CPU
		{05E3B2AB-1E38-4E19-864D-BECFA95139D6}.Release|Any CPU.ActiveCfg = Release|Any CPU
		{05E3B2AB-1E38-4E19-864D-BECFA95139D6}.Release|Any CPU.Build.0 = Release|Any CPU
		{05E3B2AB-1E38-4E19-864D-BECFA95139D6}.Release|x86.ActiveCfg = Release|Any CPU
		{05E3B2AB-1E38-4E19-864D-BECFA95139D6}.Release|x86.Build.0 = Release|Any CPU
		{098BBC2D-63A6-4C22-8A30-E6C4F4FC0AC4}.Debug|Any CPU.ActiveCfg = Debug|Any CPU
		{098BBC2D-63A6-4C22-8A30-E6C4F4FC0AC4}.Debug|Any CPU.Build.0 = Debug|Any CPU
		{098BBC2D-63A6-4C22-8A30-E6C4F4FC0AC4}.Debug|x86.ActiveCfg = Debug|Any CPU
		{098BBC2D-63A6-4C22-8A30-E6C4F4FC0AC4}.Debug|x86.Build.0 = Debug|Any CPU
		{098BBC2D-63A6-4C22-8A30-E6C4F4FC0AC4}.Distribution|Any CPU.ActiveCfg = Debug|Any CPU
		{098BBC2D-63A6-4C22-8A30-E6C4F4FC0AC4}.Distribution|Any CPU.Build.0 = Debug|Any CPU
		{098BBC2D-63A6-4C22-8A30-E6C4F4FC0AC4}.Release|Any CPU.ActiveCfg = Release|Any CPU
		{098BBC2D-63A6-4C22-8A30-E6C4F4FC0AC4}.Release|Any CPU.Build.0 = Release|Any CPU
		{098BBC2D-63A6-4C22-8A30-E6C4F4FC0AC4}.Release|x86.ActiveCfg = Release|Any CPU
		{098BBC2D-63A6-4C22-8A30-E6C4F4FC0AC4}.Release|x86.Build.0 = Release|Any CPU
		{1221EA03-CCB7-4BC1-90C8-8B9816E1758D}.AppStore|Any CPU.ActiveCfg = AppStore|Any CPU
		{1221EA03-CCB7-4BC1-90C8-8B9816E1758D}.AppStore|Any CPU.Build.0 = AppStore|Any CPU
		{1221EA03-CCB7-4BC1-90C8-8B9816E1758D}.Debug|Any CPU.ActiveCfg = Debug|Any CPU
		{1221EA03-CCB7-4BC1-90C8-8B9816E1758D}.Debug|Any CPU.Build.0 = Debug|Any CPU
		{1221EA03-CCB7-4BC1-90C8-8B9816E1758D}.Debug|iPhone.ActiveCfg = Debug|Any CPU
		{1221EA03-CCB7-4BC1-90C8-8B9816E1758D}.Debug|iPhone.Build.0 = Debug|Any CPU
		{1221EA03-CCB7-4BC1-90C8-8B9816E1758D}.Debug|iPhoneSimulator.ActiveCfg = Debug|Any CPU
		{1221EA03-CCB7-4BC1-90C8-8B9816E1758D}.Debug|iPhoneSimulator.Build.0 = Debug|Any CPU
		{1221EA03-CCB7-4BC1-90C8-8B9816E1758D}.Debug|x86.ActiveCfg = Debug|Any CPU
		{1221EA03-CCB7-4BC1-90C8-8B9816E1758D}.Debug|x86.Build.0 = Debug|Any CPU
		{1221EA03-CCB7-4BC1-90C8-8B9816E1758D}.Distribution|Any CPU.ActiveCfg = Debug|Any CPU
		{1221EA03-CCB7-4BC1-90C8-8B9816E1758D}.Distribution|Any CPU.Build.0 = Debug|Any CPU
		{1221EA03-CCB7-4BC1-90C8-8B9816E1758D}.Release|Any CPU.ActiveCfg = Release|Any CPU
		{1221EA03-CCB7-4BC1-90C8-8B9816E1758D}.Release|Any CPU.Build.0 = Release|Any CPU
		{1221EA03-CCB7-4BC1-90C8-8B9816E1758D}.Release|iPhone.ActiveCfg = Release|Any CPU
		{1221EA03-CCB7-4BC1-90C8-8B9816E1758D}.Release|iPhone.Build.0 = Release|Any CPU
		{1221EA03-CCB7-4BC1-90C8-8B9816E1758D}.Release|iPhoneSimulator.ActiveCfg = Release|Any CPU
		{1221EA03-CCB7-4BC1-90C8-8B9816E1758D}.Release|iPhoneSimulator.Build.0 = Release|Any CPU
		{1221EA03-CCB7-4BC1-90C8-8B9816E1758D}.Release|x86.ActiveCfg = Release|Any CPU
		{1221EA03-CCB7-4BC1-90C8-8B9816E1758D}.Release|x86.Build.0 = Release|Any CPU
		{1230A19A-FA76-4D12-85E5-68A452315299}.Debug|Any CPU.ActiveCfg = Debug|Any CPU
		{1230A19A-FA76-4D12-85E5-68A452315299}.Debug|Any CPU.Build.0 = Debug|Any CPU
		{1230A19A-FA76-4D12-85E5-68A452315299}.Debug|x86.ActiveCfg = Debug|Any CPU
		{1230A19A-FA76-4D12-85E5-68A452315299}.Debug|x86.Build.0 = Debug|Any CPU
		{1230A19A-FA76-4D12-85E5-68A452315299}.Distribution|Any CPU.ActiveCfg = Debug|Any CPU
		{1230A19A-FA76-4D12-85E5-68A452315299}.Distribution|Any CPU.Build.0 = Debug|Any CPU
		{1230A19A-FA76-4D12-85E5-68A452315299}.Release|Any CPU.ActiveCfg = Release|Any CPU
		{1230A19A-FA76-4D12-85E5-68A452315299}.Release|Any CPU.Build.0 = Release|Any CPU
		{1230A19A-FA76-4D12-85E5-68A452315299}.Release|x86.ActiveCfg = Release|Any CPU
		{1230A19A-FA76-4D12-85E5-68A452315299}.Release|x86.Build.0 = Release|Any CPU
		{1585306B-CF46-479D-B234-1E10EDF4D741}.Debug|Any CPU.ActiveCfg = Debug|Any CPU
		{1585306B-CF46-479D-B234-1E10EDF4D741}.Debug|Any CPU.Build.0 = Debug|Any CPU
		{1585306B-CF46-479D-B234-1E10EDF4D741}.Debug|x86.ActiveCfg = Debug|Any CPU
		{1585306B-CF46-479D-B234-1E10EDF4D741}.Debug|x86.Build.0 = Debug|Any CPU
		{1585306B-CF46-479D-B234-1E10EDF4D741}.Distribution|Any CPU.ActiveCfg = Debug|Any CPU
		{1585306B-CF46-479D-B234-1E10EDF4D741}.Distribution|Any CPU.Build.0 = Debug|Any CPU
		{1585306B-CF46-479D-B234-1E10EDF4D741}.Release|Any CPU.ActiveCfg = Release|Any CPU
		{1585306B-CF46-479D-B234-1E10EDF4D741}.Release|Any CPU.Build.0 = Release|Any CPU
		{1585306B-CF46-479D-B234-1E10EDF4D741}.Release|x86.ActiveCfg = Release|Any CPU
		{1585306B-CF46-479D-B234-1E10EDF4D741}.Release|x86.Build.0 = Release|Any CPU
		{18E6467D-47C4-47CA-8CD1-508AD311C054}.Debug|Any CPU.ActiveCfg = Debug|x86
		{18E6467D-47C4-47CA-8CD1-508AD311C054}.Debug|Any CPU.Build.0 = Debug|x86
		{18E6467D-47C4-47CA-8CD1-508AD311C054}.Debug|x86.ActiveCfg = Debug|x86
		{18E6467D-47C4-47CA-8CD1-508AD311C054}.Debug|x86.Build.0 = Debug|x86
		{18E6467D-47C4-47CA-8CD1-508AD311C054}.Distribution|Any CPU.ActiveCfg = Debug|x86
		{18E6467D-47C4-47CA-8CD1-508AD311C054}.Distribution|Any CPU.Build.0 = Debug|x86
		{18E6467D-47C4-47CA-8CD1-508AD311C054}.Release|Any CPU.ActiveCfg = Release|x86
		{18E6467D-47C4-47CA-8CD1-508AD311C054}.Release|Any CPU.Build.0 = Release|x86
		{18E6467D-47C4-47CA-8CD1-508AD311C054}.Release|x86.ActiveCfg = Release|x86
		{18E6467D-47C4-47CA-8CD1-508AD311C054}.Release|x86.Build.0 = Release|x86
		{1F4BF77D-34DA-417D-96DE-24213A05729B}.Debug|Any CPU.ActiveCfg = Debug|x86
		{1F4BF77D-34DA-417D-96DE-24213A05729B}.Debug|Any CPU.Build.0 = Debug|x86
		{1F4BF77D-34DA-417D-96DE-24213A05729B}.Debug|iPhone.ActiveCfg = Debug|x86
		{1F4BF77D-34DA-417D-96DE-24213A05729B}.Debug|iPhone.Build.0 = Debug|x86
		{1F4BF77D-34DA-417D-96DE-24213A05729B}.Debug|iPhoneSimulator.ActiveCfg = Debug|x86
		{1F4BF77D-34DA-417D-96DE-24213A05729B}.Debug|iPhoneSimulator.Build.0 = Debug|x86
		{1F4BF77D-34DA-417D-96DE-24213A05729B}.Debug|x86.ActiveCfg = Debug|x86
		{1F4BF77D-34DA-417D-96DE-24213A05729B}.Debug|x86.Build.0 = Debug|x86
		{1F4BF77D-34DA-417D-96DE-24213A05729B}.Distribution|Any CPU.ActiveCfg = Debug|x86
		{1F4BF77D-34DA-417D-96DE-24213A05729B}.Distribution|Any CPU.Build.0 = Debug|x86
		{1F4BF77D-34DA-417D-96DE-24213A05729B}.Release|Any CPU.ActiveCfg = Release|x86
		{1F4BF77D-34DA-417D-96DE-24213A05729B}.Release|Any CPU.Build.0 = Release|x86
		{1F4BF77D-34DA-417D-96DE-24213A05729B}.Release|iPhone.ActiveCfg = Release|x86
		{1F4BF77D-34DA-417D-96DE-24213A05729B}.Release|iPhone.Build.0 = Release|x86
		{1F4BF77D-34DA-417D-96DE-24213A05729B}.Release|iPhoneSimulator.ActiveCfg = Release|x86
		{1F4BF77D-34DA-417D-96DE-24213A05729B}.Release|iPhoneSimulator.Build.0 = Release|x86
		{1F4BF77D-34DA-417D-96DE-24213A05729B}.Release|x86.ActiveCfg = Release|x86
		{1F4BF77D-34DA-417D-96DE-24213A05729B}.Release|x86.Build.0 = Release|x86
		{1F4BF87D-34DA-417D-96DE-24213A05739B}.Debug|Any CPU.ActiveCfg = Debug|x86
		{1F4BF87D-34DA-417D-96DE-24213A05739B}.Debug|Any CPU.Build.0 = Debug|x86
		{1F4BF87D-34DA-417D-96DE-24213A05739B}.Debug|iPhone.ActiveCfg = Debug|x86
		{1F4BF87D-34DA-417D-96DE-24213A05739B}.Debug|iPhone.Build.0 = Debug|x86
		{1F4BF87D-34DA-417D-96DE-24213A05739B}.Debug|iPhoneSimulator.ActiveCfg = Debug|x86
		{1F4BF87D-34DA-417D-96DE-24213A05739B}.Debug|iPhoneSimulator.Build.0 = Debug|x86
		{1F4BF87D-34DA-417D-96DE-24213A05739B}.Debug|x86.ActiveCfg = Debug|x86
		{1F4BF87D-34DA-417D-96DE-24213A05739B}.Debug|x86.Build.0 = Debug|x86
		{1F4BF87D-34DA-417D-96DE-24213A05739B}.Distribution|Any CPU.ActiveCfg = Debug|x86
		{1F4BF87D-34DA-417D-96DE-24213A05739B}.Distribution|Any CPU.Build.0 = Debug|x86
		{1F4BF87D-34DA-417D-96DE-24213A05739B}.Release|Any CPU.ActiveCfg = Release|x86
		{1F4BF87D-34DA-417D-96DE-24213A05739B}.Release|Any CPU.Build.0 = Release|x86
		{1F4BF87D-34DA-417D-96DE-24213A05739B}.Release|iPhone.ActiveCfg = Release|x86
		{1F4BF87D-34DA-417D-96DE-24213A05739B}.Release|iPhone.Build.0 = Release|x86
		{1F4BF87D-34DA-417D-96DE-24213A05739B}.Release|iPhoneSimulator.ActiveCfg = Release|x86
		{1F4BF87D-34DA-417D-96DE-24213A05739B}.Release|iPhoneSimulator.Build.0 = Release|x86
		{1F4BF87D-34DA-417D-96DE-24213A05739B}.Release|x86.ActiveCfg = Release|x86
		{1F4BF87D-34DA-417D-96DE-24213A05739B}.Release|x86.Build.0 = Release|x86
		{24A0BCFD-3B8C-4AC3-AE75-E50D2F7B8C79}.AppStore|Any CPU.ActiveCfg = Debug|x86
		{24A0BCFD-3B8C-4AC3-AE75-E50D2F7B8C79}.AppStore|Any CPU.Build.0 = Debug|x86
		{24A0BCFD-3B8C-4AC3-AE75-E50D2F7B8C79}.Debug|Any CPU.ActiveCfg = Debug|x86
		{24A0BCFD-3B8C-4AC3-AE75-E50D2F7B8C79}.Debug|Any CPU.Build.0 = Debug|x86
		{24A0BCFD-3B8C-4AC3-AE75-E50D2F7B8C79}.Debug|iPhone.ActiveCfg = Debug|x86
		{24A0BCFD-3B8C-4AC3-AE75-E50D2F7B8C79}.Debug|iPhone.Build.0 = Debug|x86
		{24A0BCFD-3B8C-4AC3-AE75-E50D2F7B8C79}.Debug|iPhoneSimulator.ActiveCfg = Debug|x86
		{24A0BCFD-3B8C-4AC3-AE75-E50D2F7B8C79}.Debug|iPhoneSimulator.Build.0 = Debug|x86
		{24A0BCFD-3B8C-4AC3-AE75-E50D2F7B8C79}.Debug|x86.ActiveCfg = Debug|x86
		{24A0BCFD-3B8C-4AC3-AE75-E50D2F7B8C79}.Debug|x86.Build.0 = Debug|x86
		{24A0BCFD-3B8C-4AC3-AE75-E50D2F7B8C79}.Distribution|Any CPU.ActiveCfg = Debug|x86
		{24A0BCFD-3B8C-4AC3-AE75-E50D2F7B8C79}.Distribution|Any CPU.Build.0 = Debug|x86
		{24A0BCFD-3B8C-4AC3-AE75-E50D2F7B8C79}.Release|Any CPU.ActiveCfg = Release|x86
		{24A0BCFD-3B8C-4AC3-AE75-E50D2F7B8C79}.Release|Any CPU.Build.0 = Release|x86
		{24A0BCFD-3B8C-4AC3-AE75-E50D2F7B8C79}.Release|iPhone.ActiveCfg = Release|x86
		{24A0BCFD-3B8C-4AC3-AE75-E50D2F7B8C79}.Release|iPhone.Build.0 = Release|x86
		{24A0BCFD-3B8C-4AC3-AE75-E50D2F7B8C79}.Release|iPhoneSimulator.ActiveCfg = Release|x86
		{24A0BCFD-3B8C-4AC3-AE75-E50D2F7B8C79}.Release|iPhoneSimulator.Build.0 = Release|x86
		{24A0BCFD-3B8C-4AC3-AE75-E50D2F7B8C79}.Release|x86.ActiveCfg = Release|x86
		{24A0BCFD-3B8C-4AC3-AE75-E50D2F7B8C79}.Release|x86.Build.0 = Release|x86
		{27C1B777-4E37-4E2B-9CE4-5FDEE8CD9C40}.Debug|Any CPU.ActiveCfg = Debug|Any CPU
		{27C1B777-4E37-4E2B-9CE4-5FDEE8CD9C40}.Debug|Any CPU.Build.0 = Debug|Any CPU
		{27C1B777-4E37-4E2B-9CE4-5FDEE8CD9C40}.Debug|x86.ActiveCfg = Debug|Any CPU
		{27C1B777-4E37-4E2B-9CE4-5FDEE8CD9C40}.Debug|x86.Build.0 = Debug|Any CPU
		{27C1B777-4E37-4E2B-9CE4-5FDEE8CD9C40}.Distribution|Any CPU.ActiveCfg = Debug|Any CPU
		{27C1B777-4E37-4E2B-9CE4-5FDEE8CD9C40}.Distribution|Any CPU.Build.0 = Debug|Any CPU
		{27C1B777-4E37-4E2B-9CE4-5FDEE8CD9C40}.Release|Any CPU.ActiveCfg = Release|Any CPU
		{27C1B777-4E37-4E2B-9CE4-5FDEE8CD9C40}.Release|Any CPU.Build.0 = Release|Any CPU
		{27C1B777-4E37-4E2B-9CE4-5FDEE8CD9C40}.Release|x86.ActiveCfg = Release|Any CPU
		{27C1B777-4E37-4E2B-9CE4-5FDEE8CD9C40}.Release|x86.Build.0 = Release|Any CPU
		{2C0696B3-0D1E-4039-B4AB-9A210B3CF290}.Debug|Any CPU.ActiveCfg = Debug|Any CPU
		{2C0696B3-0D1E-4039-B4AB-9A210B3CF290}.Debug|Any CPU.Build.0 = Debug|Any CPU
		{2C0696B3-0D1E-4039-B4AB-9A210B3CF290}.Debug|x86.ActiveCfg = Debug|Any CPU
		{2C0696B3-0D1E-4039-B4AB-9A210B3CF290}.Debug|x86.Build.0 = Debug|Any CPU
		{2C0696B3-0D1E-4039-B4AB-9A210B3CF290}.Distribution|Any CPU.ActiveCfg = Debug|Any CPU
		{2C0696B3-0D1E-4039-B4AB-9A210B3CF290}.Distribution|Any CPU.Build.0 = Debug|Any CPU
		{2C0696B3-0D1E-4039-B4AB-9A210B3CF290}.Release|Any CPU.ActiveCfg = Release|Any CPU
		{2C0696B3-0D1E-4039-B4AB-9A210B3CF290}.Release|Any CPU.Build.0 = Release|Any CPU
		{2C0696B3-0D1E-4039-B4AB-9A210B3CF290}.Release|x86.ActiveCfg = Release|Any CPU
		{2C0696B3-0D1E-4039-B4AB-9A210B3CF290}.Release|x86.Build.0 = Release|Any CPU
		{2DDBFED4-9955-4F02-9937-B9AE82836329}.Debug|Any CPU.ActiveCfg = Debug|Any CPU
		{2DDBFED4-9955-4F02-9937-B9AE82836329}.Debug|Any CPU.Build.0 = Debug|Any CPU
		{2DDBFED4-9955-4F02-9937-B9AE82836329}.Debug|iPhone.ActiveCfg = Debug|Any CPU
		{2DDBFED4-9955-4F02-9937-B9AE82836329}.Debug|iPhone.Build.0 = Debug|Any CPU
		{2DDBFED4-9955-4F02-9937-B9AE82836329}.Debug|iPhoneSimulator.ActiveCfg = Debug|Any CPU
		{2DDBFED4-9955-4F02-9937-B9AE82836329}.Debug|iPhoneSimulator.Build.0 = Debug|Any CPU
		{2DDBFED4-9955-4F02-9937-B9AE82836329}.Debug|x86.ActiveCfg = Debug|Any CPU
		{2DDBFED4-9955-4F02-9937-B9AE82836329}.Debug|x86.Build.0 = Debug|Any CPU
		{2DDBFED4-9955-4F02-9937-B9AE82836329}.Distribution|Any CPU.ActiveCfg = Debug|Any CPU
		{2DDBFED4-9955-4F02-9937-B9AE82836329}.Distribution|Any CPU.Build.0 = Debug|Any CPU
		{2DDBFED4-9955-4F02-9937-B9AE82836329}.Release|Any CPU.ActiveCfg = Release|Any CPU
		{2DDBFED4-9955-4F02-9937-B9AE82836329}.Release|Any CPU.Build.0 = Release|Any CPU
		{2DDBFED4-9955-4F02-9937-B9AE82836329}.Release|iPhone.ActiveCfg = Release|Any CPU
		{2DDBFED4-9955-4F02-9937-B9AE82836329}.Release|iPhone.Build.0 = Release|Any CPU
		{2DDBFED4-9955-4F02-9937-B9AE82836329}.Release|iPhoneSimulator.ActiveCfg = Release|Any CPU
		{2DDBFED4-9955-4F02-9937-B9AE82836329}.Release|iPhoneSimulator.Build.0 = Release|Any CPU
		{2DDBFED4-9955-4F02-9937-B9AE82836329}.Release|x86.ActiveCfg = Release|Any CPU
		{2DDBFED4-9955-4F02-9937-B9AE82836329}.Release|x86.Build.0 = Release|Any CPU
		{2E7EF8E4-5662-4E24-A23E-860CA89334C1}.Debug|Any CPU.ActiveCfg = Debug|x86
		{2E7EF8E4-5662-4E24-A23E-860CA89334C1}.Debug|Any CPU.Build.0 = Debug|x86
		{2E7EF8E4-5662-4E24-A23E-860CA89334C1}.Debug|iPhone.ActiveCfg = Debug|x86
		{2E7EF8E4-5662-4E24-A23E-860CA89334C1}.Debug|iPhone.Build.0 = Debug|x86
		{2E7EF8E4-5662-4E24-A23E-860CA89334C1}.Debug|iPhoneSimulator.ActiveCfg = Debug|x86
		{2E7EF8E4-5662-4E24-A23E-860CA89334C1}.Debug|iPhoneSimulator.Build.0 = Debug|x86
		{2E7EF8E4-5662-4E24-A23E-860CA89334C1}.Debug|x86.ActiveCfg = Debug|x86
		{2E7EF8E4-5662-4E24-A23E-860CA89334C1}.Debug|x86.Build.0 = Debug|x86
		{2E7EF8E4-5662-4E24-A23E-860CA89334C1}.Distribution|Any CPU.ActiveCfg = Debug|x86
		{2E7EF8E4-5662-4E24-A23E-860CA89334C1}.Distribution|Any CPU.Build.0 = Debug|x86
		{2E7EF8E4-5662-4E24-A23E-860CA89334C1}.Release|Any CPU.ActiveCfg = Release|x86
		{2E7EF8E4-5662-4E24-A23E-860CA89334C1}.Release|Any CPU.Build.0 = Release|x86
		{2E7EF8E4-5662-4E24-A23E-860CA89334C1}.Release|iPhone.ActiveCfg = Release|x86
		{2E7EF8E4-5662-4E24-A23E-860CA89334C1}.Release|iPhone.Build.0 = Release|x86
		{2E7EF8E4-5662-4E24-A23E-860CA89334C1}.Release|iPhoneSimulator.ActiveCfg = Release|x86
		{2E7EF8E4-5662-4E24-A23E-860CA89334C1}.Release|iPhoneSimulator.Build.0 = Release|x86
		{2E7EF8E4-5662-4E24-A23E-860CA89334C1}.Release|x86.ActiveCfg = Release|x86
		{2E7EF8E4-5662-4E24-A23E-860CA89334C1}.Release|x86.Build.0 = Release|x86
		{3388FF68-6F15-4F36-B226-7823E5309E92}.Debug|Any CPU.ActiveCfg = Debug|Any CPU
		{3388FF68-6F15-4F36-B226-7823E5309E92}.Debug|Any CPU.Build.0 = Debug|Any CPU
		{3388FF68-6F15-4F36-B226-7823E5309E92}.Debug|iPhone.ActiveCfg = Debug|Any CPU
		{3388FF68-6F15-4F36-B226-7823E5309E92}.Debug|iPhone.Build.0 = Debug|Any CPU
		{3388FF68-6F15-4F36-B226-7823E5309E92}.Debug|iPhoneSimulator.ActiveCfg = Debug|Any CPU
		{3388FF68-6F15-4F36-B226-7823E5309E92}.Debug|iPhoneSimulator.Build.0 = Debug|Any CPU
		{3388FF68-6F15-4F36-B226-7823E5309E92}.Debug|x86.ActiveCfg = Debug|Any CPU
		{3388FF68-6F15-4F36-B226-7823E5309E92}.Debug|x86.Build.0 = Debug|Any CPU
		{3388FF68-6F15-4F36-B226-7823E5309E92}.Distribution|Any CPU.ActiveCfg = Debug|Any CPU
		{3388FF68-6F15-4F36-B226-7823E5309E92}.Distribution|Any CPU.Build.0 = Debug|Any CPU
		{3388FF68-6F15-4F36-B226-7823E5309E92}.Release|Any CPU.ActiveCfg = Release|Any CPU
		{3388FF68-6F15-4F36-B226-7823E5309E92}.Release|Any CPU.Build.0 = Release|Any CPU
		{3388FF68-6F15-4F36-B226-7823E5309E92}.Release|iPhone.ActiveCfg = Release|Any CPU
		{3388FF68-6F15-4F36-B226-7823E5309E92}.Release|iPhone.Build.0 = Release|Any CPU
		{3388FF68-6F15-4F36-B226-7823E5309E92}.Release|iPhoneSimulator.ActiveCfg = Release|Any CPU
		{3388FF68-6F15-4F36-B226-7823E5309E92}.Release|iPhoneSimulator.Build.0 = Release|Any CPU
		{3388FF68-6F15-4F36-B226-7823E5309E92}.Release|x86.ActiveCfg = Release|Any CPU
		{3388FF68-6F15-4F36-B226-7823E5309E92}.Release|x86.Build.0 = Release|Any CPU
		{36473816-E068-4D38-84F3-F5564BA77FF8}.AppStore|Any CPU.ActiveCfg = AppStore|Any CPU
		{36473816-E068-4D38-84F3-F5564BA77FF8}.AppStore|Any CPU.Build.0 = AppStore|Any CPU
		{36473816-E068-4D38-84F3-F5564BA77FF8}.Debug|Any CPU.ActiveCfg = Debug|Any CPU
		{36473816-E068-4D38-84F3-F5564BA77FF8}.Debug|Any CPU.Build.0 = Debug|Any CPU
		{36473816-E068-4D38-84F3-F5564BA77FF8}.Debug|iPhone.ActiveCfg = Debug|Any CPU
		{36473816-E068-4D38-84F3-F5564BA77FF8}.Debug|iPhone.Build.0 = Debug|Any CPU
		{36473816-E068-4D38-84F3-F5564BA77FF8}.Debug|iPhoneSimulator.ActiveCfg = Debug|Any CPU
		{36473816-E068-4D38-84F3-F5564BA77FF8}.Debug|iPhoneSimulator.Build.0 = Debug|Any CPU
		{36473816-E068-4D38-84F3-F5564BA77FF8}.Debug|x86.ActiveCfg = Debug|Any CPU
		{36473816-E068-4D38-84F3-F5564BA77FF8}.Debug|x86.Build.0 = Debug|Any CPU
		{36473816-E068-4D38-84F3-F5564BA77FF8}.Distribution|Any CPU.ActiveCfg = Debug|Any CPU
		{36473816-E068-4D38-84F3-F5564BA77FF8}.Distribution|Any CPU.Build.0 = Debug|Any CPU
		{36473816-E068-4D38-84F3-F5564BA77FF8}.Release|Any CPU.ActiveCfg = Release|Any CPU
		{36473816-E068-4D38-84F3-F5564BA77FF8}.Release|Any CPU.Build.0 = Release|Any CPU
		{36473816-E068-4D38-84F3-F5564BA77FF8}.Release|iPhone.ActiveCfg = Release|Any CPU
		{36473816-E068-4D38-84F3-F5564BA77FF8}.Release|iPhone.Build.0 = Release|Any CPU
		{36473816-E068-4D38-84F3-F5564BA77FF8}.Release|iPhoneSimulator.ActiveCfg = Release|Any CPU
		{36473816-E068-4D38-84F3-F5564BA77FF8}.Release|iPhoneSimulator.Build.0 = Release|Any CPU
		{36473816-E068-4D38-84F3-F5564BA77FF8}.Release|x86.ActiveCfg = Release|Any CPU
		{36473816-E068-4D38-84F3-F5564BA77FF8}.Release|x86.Build.0 = Release|Any CPU
		{3B9ABB34-4D0F-4CFD-A02D-30D5569A060B}.Debug|Any CPU.ActiveCfg = Debug|Any CPU
		{3B9ABB34-4D0F-4CFD-A02D-30D5569A060B}.Debug|Any CPU.Build.0 = Debug|Any CPU
		{3B9ABB34-4D0F-4CFD-A02D-30D5569A060B}.Debug|x86.ActiveCfg = Debug|Any CPU
		{3B9ABB34-4D0F-4CFD-A02D-30D5569A060B}.Debug|x86.Build.0 = Debug|Any CPU
		{3B9ABB34-4D0F-4CFD-A02D-30D5569A060B}.Distribution|Any CPU.ActiveCfg = Debug|Any CPU
		{3B9ABB34-4D0F-4CFD-A02D-30D5569A060B}.Distribution|Any CPU.Build.0 = Debug|Any CPU
		{3B9ABB34-4D0F-4CFD-A02D-30D5569A060B}.Release|Any CPU.ActiveCfg = Release|Any CPU
		{3B9ABB34-4D0F-4CFD-A02D-30D5569A060B}.Release|Any CPU.Build.0 = Release|Any CPU
		{3B9ABB34-4D0F-4CFD-A02D-30D5569A060B}.Release|x86.ActiveCfg = Release|Any CPU
		{3B9ABB34-4D0F-4CFD-A02D-30D5569A060B}.Release|x86.Build.0 = Release|Any CPU
		{3CBC795F-4472-4669-8A0F-9710F5D5CA56}.AppStore|Any CPU.ActiveCfg = AppStore|Any CPU
		{3CBC795F-4472-4669-8A0F-9710F5D5CA56}.AppStore|Any CPU.Build.0 = AppStore|Any CPU
		{3CBC795F-4472-4669-8A0F-9710F5D5CA56}.Debug|Any CPU.ActiveCfg = Debug|Any CPU
		{3CBC795F-4472-4669-8A0F-9710F5D5CA56}.Debug|Any CPU.Build.0 = Debug|Any CPU
		{3CBC795F-4472-4669-8A0F-9710F5D5CA56}.Debug|iPhone.ActiveCfg = Debug|Any CPU
		{3CBC795F-4472-4669-8A0F-9710F5D5CA56}.Debug|iPhone.Build.0 = Debug|Any CPU
		{3CBC795F-4472-4669-8A0F-9710F5D5CA56}.Debug|iPhoneSimulator.ActiveCfg = Debug|Any CPU
		{3CBC795F-4472-4669-8A0F-9710F5D5CA56}.Debug|iPhoneSimulator.Build.0 = Debug|Any CPU
		{3CBC795F-4472-4669-8A0F-9710F5D5CA56}.Debug|x86.ActiveCfg = Debug|Any CPU
		{3CBC795F-4472-4669-8A0F-9710F5D5CA56}.Debug|x86.Build.0 = Debug|Any CPU
		{3CBC795F-4472-4669-8A0F-9710F5D5CA56}.Distribution|Any CPU.ActiveCfg = Debug|Any CPU
		{3CBC795F-4472-4669-8A0F-9710F5D5CA56}.Distribution|Any CPU.Build.0 = Debug|Any CPU
		{3CBC795F-4472-4669-8A0F-9710F5D5CA56}.Release|Any CPU.ActiveCfg = Release|Any CPU
		{3CBC795F-4472-4669-8A0F-9710F5D5CA56}.Release|Any CPU.Build.0 = Release|Any CPU
		{3CBC795F-4472-4669-8A0F-9710F5D5CA56}.Release|iPhone.ActiveCfg = Release|Any CPU
		{3CBC795F-4472-4669-8A0F-9710F5D5CA56}.Release|iPhone.Build.0 = Release|Any CPU
		{3CBC795F-4472-4669-8A0F-9710F5D5CA56}.Release|iPhoneSimulator.ActiveCfg = Release|Any CPU
		{3CBC795F-4472-4669-8A0F-9710F5D5CA56}.Release|iPhoneSimulator.Build.0 = Release|Any CPU
		{3CBC795F-4472-4669-8A0F-9710F5D5CA56}.Release|x86.ActiveCfg = Release|Any CPU
		{3CBC795F-4472-4669-8A0F-9710F5D5CA56}.Release|x86.Build.0 = Release|Any CPU
		{4480BF44-7CE2-4A22-9372-DAFA3B05390E}.Debug|Any CPU.ActiveCfg = Debug|Any CPU
		{4480BF44-7CE2-4A22-9372-DAFA3B05390E}.Debug|Any CPU.Build.0 = Debug|Any CPU
		{4480BF44-7CE2-4A22-9372-DAFA3B05390E}.Debug|x86.ActiveCfg = Debug|Any CPU
		{4480BF44-7CE2-4A22-9372-DAFA3B05390E}.Debug|x86.Build.0 = Debug|Any CPU
		{4480BF44-7CE2-4A22-9372-DAFA3B05390E}.Distribution|Any CPU.ActiveCfg = Debug|Any CPU
		{4480BF44-7CE2-4A22-9372-DAFA3B05390E}.Distribution|Any CPU.Build.0 = Debug|Any CPU
		{4480BF44-7CE2-4A22-9372-DAFA3B05390E}.Release|Any CPU.ActiveCfg = Release|Any CPU
		{4480BF44-7CE2-4A22-9372-DAFA3B05390E}.Release|Any CPU.Build.0 = Release|Any CPU
		{4480BF44-7CE2-4A22-9372-DAFA3B05390E}.Release|x86.ActiveCfg = Release|Any CPU
		{4480BF44-7CE2-4A22-9372-DAFA3B05390E}.Release|x86.Build.0 = Release|Any CPU
		{466FBEF8-3AB2-4CED-92B6-6250CFD310DB}.Debug|Any CPU.ActiveCfg = Debug|Any CPU
		{466FBEF8-3AB2-4CED-92B6-6250CFD310DB}.Debug|Any CPU.Build.0 = Debug|Any CPU
		{466FBEF8-3AB2-4CED-92B6-6250CFD310DB}.Debug|x86.ActiveCfg = Debug|Any CPU
		{466FBEF8-3AB2-4CED-92B6-6250CFD310DB}.Debug|x86.Build.0 = Debug|Any CPU
		{466FBEF8-3AB2-4CED-92B6-6250CFD310DB}.Distribution|Any CPU.ActiveCfg = Debug|Any CPU
		{466FBEF8-3AB2-4CED-92B6-6250CFD310DB}.Distribution|Any CPU.Build.0 = Debug|Any CPU
		{466FBEF8-3AB2-4CED-92B6-6250CFD310DB}.Release|Any CPU.ActiveCfg = Release|Any CPU
		{466FBEF8-3AB2-4CED-92B6-6250CFD310DB}.Release|Any CPU.Build.0 = Release|Any CPU
		{466FBEF8-3AB2-4CED-92B6-6250CFD310DB}.Release|x86.ActiveCfg = Release|Any CPU
		{466FBEF8-3AB2-4CED-92B6-6250CFD310DB}.Release|x86.Build.0 = Release|Any CPU
		{4AD6BC7A-DB9A-4A6F-9EE2-DAD9B0BBA2A8}.Debug|Any CPU.ActiveCfg = Debug|Any CPU
		{4AD6BC7A-DB9A-4A6F-9EE2-DAD9B0BBA2A8}.Debug|Any CPU.Build.0 = Debug|Any CPU
		{4AD6BC7A-DB9A-4A6F-9EE2-DAD9B0BBA2A8}.Debug|x86.ActiveCfg = Debug|Any CPU
		{4AD6BC7A-DB9A-4A6F-9EE2-DAD9B0BBA2A8}.Debug|x86.Build.0 = Debug|Any CPU
		{4AD6BC7A-DB9A-4A6F-9EE2-DAD9B0BBA2A8}.Distribution|Any CPU.ActiveCfg = Debug|Any CPU
		{4AD6BC7A-DB9A-4A6F-9EE2-DAD9B0BBA2A8}.Distribution|Any CPU.Build.0 = Debug|Any CPU
		{4AD6BC7A-DB9A-4A6F-9EE2-DAD9B0BBA2A8}.Release|Any CPU.ActiveCfg = Release|Any CPU
		{4AD6BC7A-DB9A-4A6F-9EE2-DAD9B0BBA2A8}.Release|Any CPU.Build.0 = Release|Any CPU
		{4AD6BC7A-DB9A-4A6F-9EE2-DAD9B0BBA2A8}.Release|x86.ActiveCfg = Release|Any CPU
		{4AD6BC7A-DB9A-4A6F-9EE2-DAD9B0BBA2A8}.Release|x86.Build.0 = Release|Any CPU
		{521972FD-1A9B-4CFD-A435-EB2224985131}.Debug|Any CPU.ActiveCfg = Debug|Any CPU
		{521972FD-1A9B-4CFD-A435-EB2224985131}.Debug|Any CPU.Build.0 = Debug|Any CPU
		{521972FD-1A9B-4CFD-A435-EB2224985131}.Debug|x86.ActiveCfg = Debug|Any CPU
		{521972FD-1A9B-4CFD-A435-EB2224985131}.Debug|x86.Build.0 = Debug|Any CPU
		{521972FD-1A9B-4CFD-A435-EB2224985131}.Distribution|Any CPU.ActiveCfg = Debug|Any CPU
		{521972FD-1A9B-4CFD-A435-EB2224985131}.Distribution|Any CPU.Build.0 = Debug|Any CPU
		{521972FD-1A9B-4CFD-A435-EB2224985131}.Release|Any CPU.ActiveCfg = Release|Any CPU
		{521972FD-1A9B-4CFD-A435-EB2224985131}.Release|Any CPU.Build.0 = Release|Any CPU
		{521972FD-1A9B-4CFD-A435-EB2224985131}.Release|x86.ActiveCfg = Release|Any CPU
		{521972FD-1A9B-4CFD-A435-EB2224985131}.Release|x86.Build.0 = Release|Any CPU
		{52735207-2136-433B-A3E4-4C082728EED8}.Debug|Any CPU.ActiveCfg = Debug|Any CPU
		{52735207-2136-433B-A3E4-4C082728EED8}.Debug|Any CPU.Build.0 = Debug|Any CPU
		{52735207-2136-433B-A3E4-4C082728EED8}.Debug|x86.ActiveCfg = Debug|Any CPU
		{52735207-2136-433B-A3E4-4C082728EED8}.Debug|x86.Build.0 = Debug|Any CPU
		{52735207-2136-433B-A3E4-4C082728EED8}.Distribution|Any CPU.ActiveCfg = Debug|Any CPU
		{52735207-2136-433B-A3E4-4C082728EED8}.Distribution|Any CPU.Build.0 = Debug|Any CPU
		{52735207-2136-433B-A3E4-4C082728EED8}.Release|Any CPU.ActiveCfg = Release|Any CPU
		{52735207-2136-433B-A3E4-4C082728EED8}.Release|Any CPU.Build.0 = Release|Any CPU
		{52735207-2136-433B-A3E4-4C082728EED8}.Release|x86.ActiveCfg = Release|Any CPU
		{52735207-2136-433B-A3E4-4C082728EED8}.Release|x86.Build.0 = Release|Any CPU
		{557C7051-DFEB-4F19-A706-102574443BCB}.Debug|Any CPU.ActiveCfg = Debug|Any CPU
		{557C7051-DFEB-4F19-A706-102574443BCB}.Debug|Any CPU.Build.0 = Debug|Any CPU
		{557C7051-DFEB-4F19-A706-102574443BCB}.Debug|iPhone.ActiveCfg = Debug|Any CPU
		{557C7051-DFEB-4F19-A706-102574443BCB}.Debug|iPhone.Build.0 = Debug|Any CPU
		{557C7051-DFEB-4F19-A706-102574443BCB}.Debug|iPhoneSimulator.ActiveCfg = Debug|Any CPU
		{557C7051-DFEB-4F19-A706-102574443BCB}.Debug|iPhoneSimulator.Build.0 = Debug|Any CPU
		{557C7051-DFEB-4F19-A706-102574443BCB}.Debug|x86.ActiveCfg = Debug|Any CPU
		{557C7051-DFEB-4F19-A706-102574443BCB}.Debug|x86.Build.0 = Debug|Any CPU
		{557C7051-DFEB-4F19-A706-102574443BCB}.Distribution|Any CPU.ActiveCfg = Debug|Any CPU
		{557C7051-DFEB-4F19-A706-102574443BCB}.Distribution|Any CPU.Build.0 = Debug|Any CPU
		{557C7051-DFEB-4F19-A706-102574443BCB}.Release|Any CPU.ActiveCfg = Release|Any CPU
		{557C7051-DFEB-4F19-A706-102574443BCB}.Release|Any CPU.Build.0 = Release|Any CPU
		{557C7051-DFEB-4F19-A706-102574443BCB}.Release|iPhone.ActiveCfg = Release|Any CPU
		{557C7051-DFEB-4F19-A706-102574443BCB}.Release|iPhone.Build.0 = Release|Any CPU
		{557C7051-DFEB-4F19-A706-102574443BCB}.Release|iPhoneSimulator.ActiveCfg = Release|Any CPU
		{557C7051-DFEB-4F19-A706-102574443BCB}.Release|iPhoneSimulator.Build.0 = Release|Any CPU
		{557C7051-DFEB-4F19-A706-102574443BCB}.Release|x86.ActiveCfg = Release|Any CPU
		{557C7051-DFEB-4F19-A706-102574443BCB}.Release|x86.Build.0 = Release|Any CPU
		{56C67234-2829-4AB0-8FEE-C8D01617CDCE}.Debug|Any CPU.ActiveCfg = Debug|Any CPU
		{56C67234-2829-4AB0-8FEE-C8D01617CDCE}.Debug|Any CPU.Build.0 = Debug|Any CPU
		{56C67234-2829-4AB0-8FEE-C8D01617CDCE}.Debug|x86.ActiveCfg = Debug|Any CPU
		{56C67234-2829-4AB0-8FEE-C8D01617CDCE}.Debug|x86.Build.0 = Debug|Any CPU
		{56C67234-2829-4AB0-8FEE-C8D01617CDCE}.Distribution|Any CPU.ActiveCfg = Debug|Any CPU
		{56C67234-2829-4AB0-8FEE-C8D01617CDCE}.Distribution|Any CPU.Build.0 = Debug|Any CPU
		{56C67234-2829-4AB0-8FEE-C8D01617CDCE}.Release|Any CPU.ActiveCfg = Release|Any CPU
		{56C67234-2829-4AB0-8FEE-C8D01617CDCE}.Release|Any CPU.Build.0 = Release|Any CPU
		{56C67234-2829-4AB0-8FEE-C8D01617CDCE}.Release|x86.ActiveCfg = Release|Any CPU
		{56C67234-2829-4AB0-8FEE-C8D01617CDCE}.Release|x86.Build.0 = Release|Any CPU
		{5CA0180F-C404-431A-87B5-03A26E5BFA23}.Debug|Any CPU.ActiveCfg = Debug|x86
		{5CA0180F-C404-431A-87B5-03A26E5BFA23}.Debug|Any CPU.Build.0 = Debug|x86
		{5CA0180F-C404-431A-87B5-03A26E5BFA23}.Debug|x86.ActiveCfg = Debug|x86
		{5CA0180F-C404-431A-87B5-03A26E5BFA23}.Debug|x86.Build.0 = Debug|x86
		{5CA0180F-C404-431A-87B5-03A26E5BFA23}.Distribution|Any CPU.ActiveCfg = Debug|x86
		{5CA0180F-C404-431A-87B5-03A26E5BFA23}.Distribution|Any CPU.Build.0 = Debug|x86
		{5CA0180F-C404-431A-87B5-03A26E5BFA23}.Release|Any CPU.ActiveCfg = Release|x86
		{5CA0180F-C404-431A-87B5-03A26E5BFA23}.Release|Any CPU.Build.0 = Release|x86
		{5CA0180F-C404-431A-87B5-03A26E5BFA23}.Release|x86.ActiveCfg = Release|x86
		{5CA0180F-C404-431A-87B5-03A26E5BFA23}.Release|x86.Build.0 = Release|x86
		{60DCDBB0-ED03-4B55-9833-5EEDFC1B0C53}.AppStore|Any CPU.ActiveCfg = AppStore|Any CPU
		{60DCDBB0-ED03-4B55-9833-5EEDFC1B0C53}.AppStore|Any CPU.Build.0 = AppStore|Any CPU
		{60DCDBB0-ED03-4B55-9833-5EEDFC1B0C53}.Debug|Any CPU.ActiveCfg = Debug|Any CPU
		{60DCDBB0-ED03-4B55-9833-5EEDFC1B0C53}.Debug|Any CPU.Build.0 = Debug|Any CPU
		{60DCDBB0-ED03-4B55-9833-5EEDFC1B0C53}.Debug|iPhone.ActiveCfg = Debug|Any CPU
		{60DCDBB0-ED03-4B55-9833-5EEDFC1B0C53}.Debug|iPhone.Build.0 = Debug|Any CPU
		{60DCDBB0-ED03-4B55-9833-5EEDFC1B0C53}.Debug|iPhoneSimulator.ActiveCfg = Debug|Any CPU
		{60DCDBB0-ED03-4B55-9833-5EEDFC1B0C53}.Debug|iPhoneSimulator.Build.0 = Debug|Any CPU
		{60DCDBB0-ED03-4B55-9833-5EEDFC1B0C53}.Debug|x86.ActiveCfg = Debug|Any CPU
		{60DCDBB0-ED03-4B55-9833-5EEDFC1B0C53}.Debug|x86.Build.0 = Debug|Any CPU
		{60DCDBB0-ED03-4B55-9833-5EEDFC1B0C53}.Distribution|Any CPU.ActiveCfg = Debug|Any CPU
		{60DCDBB0-ED03-4B55-9833-5EEDFC1B0C53}.Distribution|Any CPU.Build.0 = Debug|Any CPU
		{60DCDBB0-ED03-4B55-9833-5EEDFC1B0C53}.Release|Any CPU.ActiveCfg = Release|Any CPU
		{60DCDBB0-ED03-4B55-9833-5EEDFC1B0C53}.Release|Any CPU.Build.0 = Release|Any CPU
		{60DCDBB0-ED03-4B55-9833-5EEDFC1B0C53}.Release|iPhone.ActiveCfg = Release|Any CPU
		{60DCDBB0-ED03-4B55-9833-5EEDFC1B0C53}.Release|iPhone.Build.0 = Release|Any CPU
		{60DCDBB0-ED03-4B55-9833-5EEDFC1B0C53}.Release|iPhoneSimulator.ActiveCfg = Release|Any CPU
		{60DCDBB0-ED03-4B55-9833-5EEDFC1B0C53}.Release|iPhoneSimulator.Build.0 = Release|Any CPU
		{60DCDBB0-ED03-4B55-9833-5EEDFC1B0C53}.Release|x86.ActiveCfg = Release|Any CPU
		{60DCDBB0-ED03-4B55-9833-5EEDFC1B0C53}.Release|x86.Build.0 = Release|Any CPU
		{71192C89-7FB6-49A4-A19D-FC89E3D18248}.Debug|Any CPU.ActiveCfg = Debug|Any CPU
		{71192C89-7FB6-49A4-A19D-FC89E3D18248}.Debug|Any CPU.Build.0 = Debug|Any CPU
		{71192C89-7FB6-49A4-A19D-FC89E3D18248}.Debug|iPhone.ActiveCfg = Debug|Any CPU
		{71192C89-7FB6-49A4-A19D-FC89E3D18248}.Debug|iPhone.Build.0 = Debug|Any CPU
		{71192C89-7FB6-49A4-A19D-FC89E3D18248}.Debug|iPhoneSimulator.ActiveCfg = Debug|Any CPU
		{71192C89-7FB6-49A4-A19D-FC89E3D18248}.Debug|iPhoneSimulator.Build.0 = Debug|Any CPU
		{71192C89-7FB6-49A4-A19D-FC89E3D18248}.Debug|x86.ActiveCfg = Debug|Any CPU
		{71192C89-7FB6-49A4-A19D-FC89E3D18248}.Debug|x86.Build.0 = Debug|Any CPU
		{71192C89-7FB6-49A4-A19D-FC89E3D18248}.Distribution|Any CPU.ActiveCfg = Debug|Any CPU
		{71192C89-7FB6-49A4-A19D-FC89E3D18248}.Distribution|Any CPU.Build.0 = Debug|Any CPU
		{71192C89-7FB6-49A4-A19D-FC89E3D18248}.Release|Any CPU.ActiveCfg = Release|Any CPU
		{71192C89-7FB6-49A4-A19D-FC89E3D18248}.Release|Any CPU.Build.0 = Release|Any CPU
		{71192C89-7FB6-49A4-A19D-FC89E3D18248}.Release|iPhone.ActiveCfg = Release|Any CPU
		{71192C89-7FB6-49A4-A19D-FC89E3D18248}.Release|iPhone.Build.0 = Release|Any CPU
		{71192C89-7FB6-49A4-A19D-FC89E3D18248}.Release|iPhoneSimulator.ActiveCfg = Release|Any CPU
		{71192C89-7FB6-49A4-A19D-FC89E3D18248}.Release|iPhoneSimulator.Build.0 = Release|Any CPU
		{71192C89-7FB6-49A4-A19D-FC89E3D18248}.Release|x86.ActiveCfg = Release|Any CPU
		{71192C89-7FB6-49A4-A19D-FC89E3D18248}.Release|x86.Build.0 = Release|Any CPU
		{71871CF8-8563-4FA3-ABF2-EC1CBBF817E4}.Debug|Any CPU.ActiveCfg = Debug|Any CPU
		{71871CF8-8563-4FA3-ABF2-EC1CBBF817E4}.Debug|Any CPU.Build.0 = Debug|Any CPU
		{71871CF8-8563-4FA3-ABF2-EC1CBBF817E4}.Debug|x86.ActiveCfg = Debug|Any CPU
		{71871CF8-8563-4FA3-ABF2-EC1CBBF817E4}.Debug|x86.Build.0 = Debug|Any CPU
		{71871CF8-8563-4FA3-ABF2-EC1CBBF817E4}.Distribution|Any CPU.ActiveCfg = Debug|Any CPU
		{71871CF8-8563-4FA3-ABF2-EC1CBBF817E4}.Distribution|Any CPU.Build.0 = Debug|Any CPU
		{71871CF8-8563-4FA3-ABF2-EC1CBBF817E4}.Release|Any CPU.ActiveCfg = Release|Any CPU
		{71871CF8-8563-4FA3-ABF2-EC1CBBF817E4}.Release|Any CPU.Build.0 = Release|Any CPU
		{71871CF8-8563-4FA3-ABF2-EC1CBBF817E4}.Release|x86.ActiveCfg = Release|Any CPU
		{71871CF8-8563-4FA3-ABF2-EC1CBBF817E4}.Release|x86.Build.0 = Release|Any CPU
		{73162561-6D3B-4A7F-AC4B-E7040B0824BE}.Debug|Any CPU.ActiveCfg = Debug|Any CPU
		{73162561-6D3B-4A7F-AC4B-E7040B0824BE}.Debug|Any CPU.Build.0 = Debug|Any CPU
		{73162561-6D3B-4A7F-AC4B-E7040B0824BE}.Debug|x86.ActiveCfg = Debug|Any CPU
		{73162561-6D3B-4A7F-AC4B-E7040B0824BE}.Debug|x86.Build.0 = Debug|Any CPU
		{73162561-6D3B-4A7F-AC4B-E7040B0824BE}.Distribution|Any CPU.ActiveCfg = Debug|Any CPU
		{73162561-6D3B-4A7F-AC4B-E7040B0824BE}.Distribution|Any CPU.Build.0 = Debug|Any CPU
		{73162561-6D3B-4A7F-AC4B-E7040B0824BE}.Release|Any CPU.ActiveCfg = Release|Any CPU
		{73162561-6D3B-4A7F-AC4B-E7040B0824BE}.Release|Any CPU.Build.0 = Release|Any CPU
		{73162561-6D3B-4A7F-AC4B-E7040B0824BE}.Release|x86.ActiveCfg = Release|Any CPU
		{73162561-6D3B-4A7F-AC4B-E7040B0824BE}.Release|x86.Build.0 = Release|Any CPU
		{75200892-E593-49EE-82D5-F59DB45883AD}.Debug|Any CPU.ActiveCfg = Debug|Any CPU
		{75200892-E593-49EE-82D5-F59DB45883AD}.Debug|Any CPU.Build.0 = Debug|Any CPU
		{75200892-E593-49EE-82D5-F59DB45883AD}.Debug|x86.ActiveCfg = Debug|Any CPU
		{75200892-E593-49EE-82D5-F59DB45883AD}.Debug|x86.Build.0 = Debug|Any CPU
		{75200892-E593-49EE-82D5-F59DB45883AD}.Distribution|Any CPU.ActiveCfg = Debug|Any CPU
		{75200892-E593-49EE-82D5-F59DB45883AD}.Distribution|Any CPU.Build.0 = Debug|Any CPU
		{75200892-E593-49EE-82D5-F59DB45883AD}.Release|Any CPU.ActiveCfg = Release|Any CPU
		{75200892-E593-49EE-82D5-F59DB45883AD}.Release|Any CPU.Build.0 = Release|Any CPU
		{75200892-E593-49EE-82D5-F59DB45883AD}.Release|x86.ActiveCfg = Release|Any CPU
		{75200892-E593-49EE-82D5-F59DB45883AD}.Release|x86.Build.0 = Release|Any CPU
		{7D24D7EA-822C-4991-8BC9-1C2EF9C5F59A}.Debug|Any CPU.ActiveCfg = Debug|Any CPU
		{7D24D7EA-822C-4991-8BC9-1C2EF9C5F59A}.Debug|Any CPU.Build.0 = Debug|Any CPU
		{7D24D7EA-822C-4991-8BC9-1C2EF9C5F59A}.Debug|x86.ActiveCfg = Debug|Any CPU
		{7D24D7EA-822C-4991-8BC9-1C2EF9C5F59A}.Debug|x86.Build.0 = Debug|Any CPU
		{7D24D7EA-822C-4991-8BC9-1C2EF9C5F59A}.Distribution|Any CPU.ActiveCfg = Debug|Any CPU
		{7D24D7EA-822C-4991-8BC9-1C2EF9C5F59A}.Distribution|Any CPU.Build.0 = Debug|Any CPU
		{7D24D7EA-822C-4991-8BC9-1C2EF9C5F59A}.Release|Any CPU.ActiveCfg = Release|Any CPU
		{7D24D7EA-822C-4991-8BC9-1C2EF9C5F59A}.Release|Any CPU.Build.0 = Release|Any CPU
		{7D24D7EA-822C-4991-8BC9-1C2EF9C5F59A}.Release|x86.ActiveCfg = Release|Any CPU
		{7D24D7EA-822C-4991-8BC9-1C2EF9C5F59A}.Release|x86.Build.0 = Release|Any CPU
		{81313197-A8DF-4465-B503-2DD8248B80A9}.Debug|Any CPU.ActiveCfg = Debug|Any CPU
		{81313197-A8DF-4465-B503-2DD8248B80A9}.Debug|Any CPU.Build.0 = Debug|Any CPU
		{81313197-A8DF-4465-B503-2DD8248B80A9}.Debug|x86.ActiveCfg = Debug|Any CPU
		{81313197-A8DF-4465-B503-2DD8248B80A9}.Debug|x86.Build.0 = Debug|Any CPU
		{81313197-A8DF-4465-B503-2DD8248B80A9}.Distribution|Any CPU.ActiveCfg = Debug|Any CPU
		{81313197-A8DF-4465-B503-2DD8248B80A9}.Distribution|Any CPU.Build.0 = Debug|Any CPU
		{81313197-A8DF-4465-B503-2DD8248B80A9}.Release|Any CPU.ActiveCfg = Release|Any CPU
		{81313197-A8DF-4465-B503-2DD8248B80A9}.Release|Any CPU.Build.0 = Release|Any CPU
		{81313197-A8DF-4465-B503-2DD8248B80A9}.Release|x86.ActiveCfg = Release|Any CPU
		{81313197-A8DF-4465-B503-2DD8248B80A9}.Release|x86.Build.0 = Release|Any CPU
		{8592FA21-37B6-41C8-BC7F-17EB4930B96A}.Debug|Any CPU.ActiveCfg = Debug|x86
		{8592FA21-37B6-41C8-BC7F-17EB4930B96A}.Debug|Any CPU.Build.0 = Debug|x86
		{8592FA21-37B6-41C8-BC7F-17EB4930B96A}.Debug|iPhone.ActiveCfg = Debug|x86
		{8592FA21-37B6-41C8-BC7F-17EB4930B96A}.Debug|iPhone.Build.0 = Debug|x86
		{8592FA21-37B6-41C8-BC7F-17EB4930B96A}.Debug|iPhoneSimulator.ActiveCfg = Debug|x86
		{8592FA21-37B6-41C8-BC7F-17EB4930B96A}.Debug|iPhoneSimulator.Build.0 = Debug|x86
		{8592FA21-37B6-41C8-BC7F-17EB4930B96A}.Debug|x86.ActiveCfg = Debug|x86
		{8592FA21-37B6-41C8-BC7F-17EB4930B96A}.Debug|x86.Build.0 = Debug|x86
		{8592FA21-37B6-41C8-BC7F-17EB4930B96A}.Distribution|Any CPU.ActiveCfg = Debug|x86
		{8592FA21-37B6-41C8-BC7F-17EB4930B96A}.Distribution|Any CPU.Build.0 = Debug|x86
		{8592FA21-37B6-41C8-BC7F-17EB4930B96A}.Release|Any CPU.ActiveCfg = Release|x86
		{8592FA21-37B6-41C8-BC7F-17EB4930B96A}.Release|Any CPU.Build.0 = Release|x86
		{8592FA21-37B6-41C8-BC7F-17EB4930B96A}.Release|iPhone.ActiveCfg = Release|x86
		{8592FA21-37B6-41C8-BC7F-17EB4930B96A}.Release|iPhone.Build.0 = Release|x86
		{8592FA21-37B6-41C8-BC7F-17EB4930B96A}.Release|iPhoneSimulator.ActiveCfg = Release|x86
		{8592FA21-37B6-41C8-BC7F-17EB4930B96A}.Release|iPhoneSimulator.Build.0 = Release|x86
		{8592FA21-37B6-41C8-BC7F-17EB4930B96A}.Release|x86.ActiveCfg = Release|x86
		{8592FA21-37B6-41C8-BC7F-17EB4930B96A}.Release|x86.Build.0 = Release|x86
		{945C911A-A909-40B0-89EC-E66F1F2265AF}.AppStore|Any CPU.ActiveCfg = AppStore|Any CPU
		{945C911A-A909-40B0-89EC-E66F1F2265AF}.AppStore|Any CPU.Build.0 = AppStore|Any CPU
		{945C911A-A909-40B0-89EC-E66F1F2265AF}.Debug|Any CPU.ActiveCfg = Debug|Any CPU
		{945C911A-A909-40B0-89EC-E66F1F2265AF}.Debug|Any CPU.Build.0 = Debug|Any CPU
		{945C911A-A909-40B0-89EC-E66F1F2265AF}.Debug|iPhone.ActiveCfg = Debug|Any CPU
		{945C911A-A909-40B0-89EC-E66F1F2265AF}.Debug|iPhone.Build.0 = Debug|Any CPU
		{945C911A-A909-40B0-89EC-E66F1F2265AF}.Debug|iPhoneSimulator.ActiveCfg = Debug|Any CPU
		{945C911A-A909-40B0-89EC-E66F1F2265AF}.Debug|iPhoneSimulator.Build.0 = Debug|Any CPU
		{945C911A-A909-40B0-89EC-E66F1F2265AF}.Debug|x86.ActiveCfg = Debug|Any CPU
		{945C911A-A909-40B0-89EC-E66F1F2265AF}.Debug|x86.Build.0 = Debug|Any CPU
		{945C911A-A909-40B0-89EC-E66F1F2265AF}.Distribution|Any CPU.ActiveCfg = Debug|Any CPU
		{945C911A-A909-40B0-89EC-E66F1F2265AF}.Distribution|Any CPU.Build.0 = Debug|Any CPU
		{945C911A-A909-40B0-89EC-E66F1F2265AF}.Release|Any CPU.ActiveCfg = Release|Any CPU
		{945C911A-A909-40B0-89EC-E66F1F2265AF}.Release|Any CPU.Build.0 = Release|Any CPU
		{945C911A-A909-40B0-89EC-E66F1F2265AF}.Release|iPhone.ActiveCfg = Release|Any CPU
		{945C911A-A909-40B0-89EC-E66F1F2265AF}.Release|iPhone.Build.0 = Release|Any CPU
		{945C911A-A909-40B0-89EC-E66F1F2265AF}.Release|iPhoneSimulator.ActiveCfg = Release|Any CPU
		{945C911A-A909-40B0-89EC-E66F1F2265AF}.Release|iPhoneSimulator.Build.0 = Release|Any CPU
		{945C911A-A909-40B0-89EC-E66F1F2265AF}.Release|x86.ActiveCfg = Release|Any CPU
		{945C911A-A909-40B0-89EC-E66F1F2265AF}.Release|x86.Build.0 = Release|Any CPU
		{9522776F-02BA-4BED-B8BB-6BAE580F4068}.Debug|Any CPU.ActiveCfg = Debug|Any CPU
		{9522776F-02BA-4BED-B8BB-6BAE580F4068}.Debug|Any CPU.Build.0 = Debug|Any CPU
		{9522776F-02BA-4BED-B8BB-6BAE580F4068}.Debug|x86.ActiveCfg = Debug|Any CPU
		{9522776F-02BA-4BED-B8BB-6BAE580F4068}.Debug|x86.Build.0 = Debug|Any CPU
		{9522776F-02BA-4BED-B8BB-6BAE580F4068}.Distribution|Any CPU.ActiveCfg = Debug|Any CPU
		{9522776F-02BA-4BED-B8BB-6BAE580F4068}.Distribution|Any CPU.Build.0 = Debug|Any CPU
		{9522776F-02BA-4BED-B8BB-6BAE580F4068}.Release|Any CPU.ActiveCfg = Release|Any CPU
		{9522776F-02BA-4BED-B8BB-6BAE580F4068}.Release|Any CPU.Build.0 = Release|Any CPU
		{9522776F-02BA-4BED-B8BB-6BAE580F4068}.Release|x86.ActiveCfg = Release|Any CPU
		{9522776F-02BA-4BED-B8BB-6BAE580F4068}.Release|x86.Build.0 = Release|Any CPU
		{973C423F-0CC0-4230-9E67-D944ED70ED19}.Debug|Any CPU.ActiveCfg = Debug|Any CPU
		{973C423F-0CC0-4230-9E67-D944ED70ED19}.Debug|Any CPU.Build.0 = Debug|Any CPU
		{973C423F-0CC0-4230-9E67-D944ED70ED19}.Debug|x86.ActiveCfg = Debug|Any CPU
		{973C423F-0CC0-4230-9E67-D944ED70ED19}.Debug|x86.Build.0 = Debug|Any CPU
		{973C423F-0CC0-4230-9E67-D944ED70ED19}.Distribution|Any CPU.ActiveCfg = Debug|Any CPU
		{973C423F-0CC0-4230-9E67-D944ED70ED19}.Distribution|Any CPU.Build.0 = Debug|Any CPU
		{973C423F-0CC0-4230-9E67-D944ED70ED19}.Release|Any CPU.ActiveCfg = Release|Any CPU
		{973C423F-0CC0-4230-9E67-D944ED70ED19}.Release|Any CPU.Build.0 = Release|Any CPU
		{973C423F-0CC0-4230-9E67-D944ED70ED19}.Release|x86.ActiveCfg = Release|Any CPU
		{973C423F-0CC0-4230-9E67-D944ED70ED19}.Release|x86.Build.0 = Release|Any CPU
		{A0669F3D-AB7C-43BB-9423-506E24629EF0}.Debug|Any CPU.ActiveCfg = Debug|Any CPU
		{A0669F3D-AB7C-43BB-9423-506E24629EF0}.Debug|Any CPU.Build.0 = Debug|Any CPU
		{A0669F3D-AB7C-43BB-9423-506E24629EF0}.Debug|iPhone.ActiveCfg = Debug|Any CPU
		{A0669F3D-AB7C-43BB-9423-506E24629EF0}.Debug|iPhone.Build.0 = Debug|Any CPU
		{A0669F3D-AB7C-43BB-9423-506E24629EF0}.Debug|iPhoneSimulator.ActiveCfg = Debug|Any CPU
		{A0669F3D-AB7C-43BB-9423-506E24629EF0}.Debug|iPhoneSimulator.Build.0 = Debug|Any CPU
		{A0669F3D-AB7C-43BB-9423-506E24629EF0}.Debug|x86.ActiveCfg = Debug|Any CPU
		{A0669F3D-AB7C-43BB-9423-506E24629EF0}.Debug|x86.Build.0 = Debug|Any CPU
		{A0669F3D-AB7C-43BB-9423-506E24629EF0}.Distribution|Any CPU.ActiveCfg = Debug|Any CPU
		{A0669F3D-AB7C-43BB-9423-506E24629EF0}.Distribution|Any CPU.Build.0 = Debug|Any CPU
		{A0669F3D-AB7C-43BB-9423-506E24629EF0}.Release|Any CPU.ActiveCfg = Release|Any CPU
		{A0669F3D-AB7C-43BB-9423-506E24629EF0}.Release|Any CPU.Build.0 = Release|Any CPU
		{A0669F3D-AB7C-43BB-9423-506E24629EF0}.Release|iPhone.ActiveCfg = Release|Any CPU
		{A0669F3D-AB7C-43BB-9423-506E24629EF0}.Release|iPhone.Build.0 = Release|Any CPU
		{A0669F3D-AB7C-43BB-9423-506E24629EF0}.Release|iPhoneSimulator.ActiveCfg = Release|Any CPU
		{A0669F3D-AB7C-43BB-9423-506E24629EF0}.Release|iPhoneSimulator.Build.0 = Release|Any CPU
		{A0669F3D-AB7C-43BB-9423-506E24629EF0}.Release|x86.ActiveCfg = Release|Any CPU
		{A0669F3D-AB7C-43BB-9423-506E24629EF0}.Release|x86.Build.0 = Release|Any CPU
		{A82EAD58-40D7-49BE-8F24-09FEA34F9E55}.Debug|Any CPU.ActiveCfg = Debug|Any CPU
		{A82EAD58-40D7-49BE-8F24-09FEA34F9E55}.Debug|Any CPU.Build.0 = Debug|Any CPU
		{A82EAD58-40D7-49BE-8F24-09FEA34F9E55}.Debug|iPhone.ActiveCfg = Debug|Any CPU
		{A82EAD58-40D7-49BE-8F24-09FEA34F9E55}.Debug|iPhone.Build.0 = Debug|Any CPU
		{A82EAD58-40D7-49BE-8F24-09FEA34F9E55}.Debug|iPhoneSimulator.ActiveCfg = Debug|Any CPU
		{A82EAD58-40D7-49BE-8F24-09FEA34F9E55}.Debug|iPhoneSimulator.Build.0 = Debug|Any CPU
		{A82EAD58-40D7-49BE-8F24-09FEA34F9E55}.Debug|x86.ActiveCfg = Debug|Any CPU
		{A82EAD58-40D7-49BE-8F24-09FEA34F9E55}.Debug|x86.Build.0 = Debug|Any CPU
		{A82EAD58-40D7-49BE-8F24-09FEA34F9E55}.Distribution|Any CPU.ActiveCfg = Debug|Any CPU
		{A82EAD58-40D7-49BE-8F24-09FEA34F9E55}.Distribution|Any CPU.Build.0 = Debug|Any CPU
		{A82EAD58-40D7-49BE-8F24-09FEA34F9E55}.Release|Any CPU.ActiveCfg = Release|Any CPU
		{A82EAD58-40D7-49BE-8F24-09FEA34F9E55}.Release|Any CPU.Build.0 = Release|Any CPU
		{A82EAD58-40D7-49BE-8F24-09FEA34F9E55}.Release|iPhone.ActiveCfg = Release|Any CPU
		{A82EAD58-40D7-49BE-8F24-09FEA34F9E55}.Release|iPhone.Build.0 = Release|Any CPU
		{A82EAD58-40D7-49BE-8F24-09FEA34F9E55}.Release|iPhoneSimulator.ActiveCfg = Release|Any CPU
		{A82EAD58-40D7-49BE-8F24-09FEA34F9E55}.Release|iPhoneSimulator.Build.0 = Release|Any CPU
		{A82EAD58-40D7-49BE-8F24-09FEA34F9E55}.Release|x86.ActiveCfg = Release|Any CPU
		{A82EAD58-40D7-49BE-8F24-09FEA34F9E55}.Release|x86.Build.0 = Release|Any CPU
		{A93553D9-11E5-4B0B-9809-4E4765D5FD8F}.AppStore|Any CPU.ActiveCfg = AppStore|Any CPU
		{A93553D9-11E5-4B0B-9809-4E4765D5FD8F}.AppStore|Any CPU.Build.0 = AppStore|Any CPU
		{A93553D9-11E5-4B0B-9809-4E4765D5FD8F}.Debug|Any CPU.ActiveCfg = Debug|Any CPU
		{A93553D9-11E5-4B0B-9809-4E4765D5FD8F}.Debug|Any CPU.Build.0 = Debug|Any CPU
		{A93553D9-11E5-4B0B-9809-4E4765D5FD8F}.Debug|iPhone.ActiveCfg = Debug|Any CPU
		{A93553D9-11E5-4B0B-9809-4E4765D5FD8F}.Debug|iPhone.Build.0 = Debug|Any CPU
		{A93553D9-11E5-4B0B-9809-4E4765D5FD8F}.Debug|iPhoneSimulator.ActiveCfg = Debug|Any CPU
		{A93553D9-11E5-4B0B-9809-4E4765D5FD8F}.Debug|iPhoneSimulator.Build.0 = Debug|Any CPU
		{A93553D9-11E5-4B0B-9809-4E4765D5FD8F}.Debug|x86.ActiveCfg = Debug|Any CPU
		{A93553D9-11E5-4B0B-9809-4E4765D5FD8F}.Debug|x86.Build.0 = Debug|Any CPU
		{A93553D9-11E5-4B0B-9809-4E4765D5FD8F}.Distribution|Any CPU.ActiveCfg = Debug|Any CPU
		{A93553D9-11E5-4B0B-9809-4E4765D5FD8F}.Distribution|Any CPU.Build.0 = Debug|Any CPU
		{A93553D9-11E5-4B0B-9809-4E4765D5FD8F}.Release|Any CPU.ActiveCfg = Release|Any CPU
		{A93553D9-11E5-4B0B-9809-4E4765D5FD8F}.Release|Any CPU.Build.0 = Release|Any CPU
		{A93553D9-11E5-4B0B-9809-4E4765D5FD8F}.Release|iPhone.ActiveCfg = Release|Any CPU
		{A93553D9-11E5-4B0B-9809-4E4765D5FD8F}.Release|iPhone.Build.0 = Release|Any CPU
		{A93553D9-11E5-4B0B-9809-4E4765D5FD8F}.Release|iPhoneSimulator.ActiveCfg = Release|Any CPU
		{A93553D9-11E5-4B0B-9809-4E4765D5FD8F}.Release|iPhoneSimulator.Build.0 = Release|Any CPU
		{A93553D9-11E5-4B0B-9809-4E4765D5FD8F}.Release|x86.ActiveCfg = Release|Any CPU
		{A93553D9-11E5-4B0B-9809-4E4765D5FD8F}.Release|x86.Build.0 = Release|Any CPU
		{C3D02EFA-1C48-415C-8811-56D20434FD68}.AppStore|Any CPU.ActiveCfg = AppStore|Any CPU
		{C3D02EFA-1C48-415C-8811-56D20434FD68}.AppStore|Any CPU.Build.0 = AppStore|Any CPU
		{C3D02EFA-1C48-415C-8811-56D20434FD68}.Debug|Any CPU.ActiveCfg = Debug|Any CPU
		{C3D02EFA-1C48-415C-8811-56D20434FD68}.Debug|Any CPU.Build.0 = Debug|Any CPU
		{C3D02EFA-1C48-415C-8811-56D20434FD68}.Debug|iPhone.ActiveCfg = Debug|Any CPU
		{C3D02EFA-1C48-415C-8811-56D20434FD68}.Debug|iPhone.Build.0 = Debug|Any CPU
		{C3D02EFA-1C48-415C-8811-56D20434FD68}.Debug|iPhoneSimulator.ActiveCfg = Debug|Any CPU
		{C3D02EFA-1C48-415C-8811-56D20434FD68}.Debug|iPhoneSimulator.Build.0 = Debug|Any CPU
		{C3D02EFA-1C48-415C-8811-56D20434FD68}.Debug|x86.ActiveCfg = Debug|Any CPU
		{C3D02EFA-1C48-415C-8811-56D20434FD68}.Debug|x86.Build.0 = Debug|Any CPU
		{C3D02EFA-1C48-415C-8811-56D20434FD68}.Distribution|Any CPU.ActiveCfg = Debug|Any CPU
		{C3D02EFA-1C48-415C-8811-56D20434FD68}.Distribution|Any CPU.Build.0 = Debug|Any CPU
		{C3D02EFA-1C48-415C-8811-56D20434FD68}.Release|Any CPU.ActiveCfg = Release|Any CPU
		{C3D02EFA-1C48-415C-8811-56D20434FD68}.Release|Any CPU.Build.0 = Release|Any CPU
		{C3D02EFA-1C48-415C-8811-56D20434FD68}.Release|iPhone.ActiveCfg = Release|Any CPU
		{C3D02EFA-1C48-415C-8811-56D20434FD68}.Release|iPhone.Build.0 = Release|Any CPU
		{C3D02EFA-1C48-415C-8811-56D20434FD68}.Release|iPhoneSimulator.ActiveCfg = Release|Any CPU
		{C3D02EFA-1C48-415C-8811-56D20434FD68}.Release|iPhoneSimulator.Build.0 = Release|Any CPU
		{C3D02EFA-1C48-415C-8811-56D20434FD68}.Release|x86.ActiveCfg = Release|Any CPU
		{C3D02EFA-1C48-415C-8811-56D20434FD68}.Release|x86.Build.0 = Release|Any CPU
		{C4FA34D5-2EE2-474B-A3C6-34025656FFD1}.AppStore|Any CPU.ActiveCfg = AppStore|Any CPU
		{C4FA34D5-2EE2-474B-A3C6-34025656FFD1}.AppStore|Any CPU.Build.0 = AppStore|Any CPU
		{C4FA34D5-2EE2-474B-A3C6-34025656FFD1}.Debug|Any CPU.ActiveCfg = Debug|Any CPU
		{C4FA34D5-2EE2-474B-A3C6-34025656FFD1}.Debug|Any CPU.Build.0 = Debug|Any CPU
		{C4FA34D5-2EE2-474B-A3C6-34025656FFD1}.Debug|iPhone.ActiveCfg = Debug|Any CPU
		{C4FA34D5-2EE2-474B-A3C6-34025656FFD1}.Debug|iPhone.Build.0 = Debug|Any CPU
		{C4FA34D5-2EE2-474B-A3C6-34025656FFD1}.Debug|iPhoneSimulator.ActiveCfg = Debug|Any CPU
		{C4FA34D5-2EE2-474B-A3C6-34025656FFD1}.Debug|iPhoneSimulator.Build.0 = Debug|Any CPU
		{C4FA34D5-2EE2-474B-A3C6-34025656FFD1}.Debug|x86.ActiveCfg = Debug|Any CPU
		{C4FA34D5-2EE2-474B-A3C6-34025656FFD1}.Debug|x86.Build.0 = Debug|Any CPU
		{C4FA34D5-2EE2-474B-A3C6-34025656FFD1}.Distribution|Any CPU.ActiveCfg = Debug|Any CPU
		{C4FA34D5-2EE2-474B-A3C6-34025656FFD1}.Distribution|Any CPU.Build.0 = Debug|Any CPU
		{C4FA34D5-2EE2-474B-A3C6-34025656FFD1}.Release|Any CPU.ActiveCfg = Release|Any CPU
		{C4FA34D5-2EE2-474B-A3C6-34025656FFD1}.Release|Any CPU.Build.0 = Release|Any CPU
		{C4FA34D5-2EE2-474B-A3C6-34025656FFD1}.Release|iPhone.ActiveCfg = Release|Any CPU
		{C4FA34D5-2EE2-474B-A3C6-34025656FFD1}.Release|iPhone.Build.0 = Release|Any CPU
		{C4FA34D5-2EE2-474B-A3C6-34025656FFD1}.Release|iPhoneSimulator.ActiveCfg = Release|Any CPU
		{C4FA34D5-2EE2-474B-A3C6-34025656FFD1}.Release|iPhoneSimulator.Build.0 = Release|Any CPU
		{C4FA34D5-2EE2-474B-A3C6-34025656FFD1}.Release|x86.ActiveCfg = Release|Any CPU
		{C4FA34D5-2EE2-474B-A3C6-34025656FFD1}.Release|x86.Build.0 = Release|Any CPU
		{C9382003-668B-48E6-86BC-7ECDE3ECFDBE}.Debug|Any CPU.ActiveCfg = Debug|Any CPU
		{C9382003-668B-48E6-86BC-7ECDE3ECFDBE}.Debug|Any CPU.Build.0 = Debug|Any CPU
		{C9382003-668B-48E6-86BC-7ECDE3ECFDBE}.Debug|iPhone.ActiveCfg = Debug|Any CPU
		{C9382003-668B-48E6-86BC-7ECDE3ECFDBE}.Debug|iPhone.Build.0 = Debug|Any CPU
		{C9382003-668B-48E6-86BC-7ECDE3ECFDBE}.Debug|iPhoneSimulator.ActiveCfg = Debug|Any CPU
		{C9382003-668B-48E6-86BC-7ECDE3ECFDBE}.Debug|iPhoneSimulator.Build.0 = Debug|Any CPU
		{C9382003-668B-48E6-86BC-7ECDE3ECFDBE}.Debug|x86.ActiveCfg = Debug|Any CPU
		{C9382003-668B-48E6-86BC-7ECDE3ECFDBE}.Debug|x86.Build.0 = Debug|Any CPU
		{C9382003-668B-48E6-86BC-7ECDE3ECFDBE}.Distribution|Any CPU.ActiveCfg = Debug|Any CPU
		{C9382003-668B-48E6-86BC-7ECDE3ECFDBE}.Distribution|Any CPU.Build.0 = Debug|Any CPU
		{C9382003-668B-48E6-86BC-7ECDE3ECFDBE}.Release|Any CPU.ActiveCfg = Release|Any CPU
		{C9382003-668B-48E6-86BC-7ECDE3ECFDBE}.Release|Any CPU.Build.0 = Release|Any CPU
		{C9382003-668B-48E6-86BC-7ECDE3ECFDBE}.Release|iPhone.ActiveCfg = Release|Any CPU
		{C9382003-668B-48E6-86BC-7ECDE3ECFDBE}.Release|iPhone.Build.0 = Release|Any CPU
		{C9382003-668B-48E6-86BC-7ECDE3ECFDBE}.Release|iPhoneSimulator.ActiveCfg = Release|Any CPU
		{C9382003-668B-48E6-86BC-7ECDE3ECFDBE}.Release|iPhoneSimulator.Build.0 = Release|Any CPU
		{C9382003-668B-48E6-86BC-7ECDE3ECFDBE}.Release|x86.ActiveCfg = Release|Any CPU
		{C9382003-668B-48E6-86BC-7ECDE3ECFDBE}.Release|x86.Build.0 = Release|Any CPU
		{CA462192-65AD-4403-9B27-08B02B28453E}.AppStore|Any CPU.ActiveCfg = Debug|x86
		{CA462192-65AD-4403-9B27-08B02B28453E}.AppStore|Any CPU.Build.0 = Debug|x86
		{CA462192-65AD-4403-9B27-08B02B28453E}.Debug|Any CPU.ActiveCfg = Debug|x86
		{CA462192-65AD-4403-9B27-08B02B28453E}.Debug|Any CPU.Build.0 = Debug|x86
		{CA462192-65AD-4403-9B27-08B02B28453E}.Debug|iPhone.ActiveCfg = Debug|x86
		{CA462192-65AD-4403-9B27-08B02B28453E}.Debug|iPhone.Build.0 = Debug|x86
		{CA462192-65AD-4403-9B27-08B02B28453E}.Debug|iPhoneSimulator.ActiveCfg = Debug|x86
		{CA462192-65AD-4403-9B27-08B02B28453E}.Debug|iPhoneSimulator.Build.0 = Debug|x86
		{CA462192-65AD-4403-9B27-08B02B28453E}.Debug|x86.ActiveCfg = Debug|x86
		{CA462192-65AD-4403-9B27-08B02B28453E}.Debug|x86.Build.0 = Debug|x86
		{CA462192-65AD-4403-9B27-08B02B28453E}.Distribution|Any CPU.ActiveCfg = Debug|x86
		{CA462192-65AD-4403-9B27-08B02B28453E}.Distribution|Any CPU.Build.0 = Debug|x86
		{CA462192-65AD-4403-9B27-08B02B28453E}.Release|Any CPU.ActiveCfg = Release|x86
		{CA462192-65AD-4403-9B27-08B02B28453E}.Release|Any CPU.Build.0 = Release|x86
		{CA462192-65AD-4403-9B27-08B02B28453E}.Release|iPhone.ActiveCfg = Release|x86
		{CA462192-65AD-4403-9B27-08B02B28453E}.Release|iPhone.Build.0 = Release|x86
		{CA462192-65AD-4403-9B27-08B02B28453E}.Release|iPhoneSimulator.ActiveCfg = Release|x86
		{CA462192-65AD-4403-9B27-08B02B28453E}.Release|iPhoneSimulator.Build.0 = Release|x86
		{CA462192-65AD-4403-9B27-08B02B28453E}.Release|x86.ActiveCfg = Release|x86
		{CA462192-65AD-4403-9B27-08B02B28453E}.Release|x86.Build.0 = Release|x86
		{CF7A194A-CF38-4379-909F-1B5FFB8F79C4}.Debug|Any CPU.ActiveCfg = Debug|x86
		{CF7A194A-CF38-4379-909F-1B5FFB8F79C4}.Debug|Any CPU.Build.0 = Debug|x86
		{CF7A194A-CF38-4379-909F-1B5FFB8F79C4}.Debug|iPhone.ActiveCfg = Debug|x86
		{CF7A194A-CF38-4379-909F-1B5FFB8F79C4}.Debug|iPhone.Build.0 = Debug|x86
		{CF7A194A-CF38-4379-909F-1B5FFB8F79C4}.Debug|iPhoneSimulator.ActiveCfg = Debug|x86
		{CF7A194A-CF38-4379-909F-1B5FFB8F79C4}.Debug|iPhoneSimulator.Build.0 = Debug|x86
		{CF7A194A-CF38-4379-909F-1B5FFB8F79C4}.Debug|x86.ActiveCfg = Debug|x86
		{CF7A194A-CF38-4379-909F-1B5FFB8F79C4}.Debug|x86.Build.0 = Debug|x86
		{CF7A194A-CF38-4379-909F-1B5FFB8F79C4}.Distribution|Any CPU.ActiveCfg = Debug|x86
		{CF7A194A-CF38-4379-909F-1B5FFB8F79C4}.Distribution|Any CPU.Build.0 = Debug|x86
		{CF7A194A-CF38-4379-909F-1B5FFB8F79C4}.Release|Any CPU.ActiveCfg = Release|x86
		{CF7A194A-CF38-4379-909F-1B5FFB8F79C4}.Release|Any CPU.Build.0 = Release|x86
		{CF7A194A-CF38-4379-909F-1B5FFB8F79C4}.Release|iPhone.ActiveCfg = Release|x86
		{CF7A194A-CF38-4379-909F-1B5FFB8F79C4}.Release|iPhone.Build.0 = Release|x86
		{CF7A194A-CF38-4379-909F-1B5FFB8F79C4}.Release|iPhoneSimulator.ActiveCfg = Release|x86
		{CF7A194A-CF38-4379-909F-1B5FFB8F79C4}.Release|iPhoneSimulator.Build.0 = Release|x86
		{CF7A194A-CF38-4379-909F-1B5FFB8F79C4}.Release|x86.ActiveCfg = Release|x86
		{CF7A194A-CF38-4379-909F-1B5FFB8F79C4}.Release|x86.Build.0 = Release|x86
		{D03F3BAF-E4D0-4B6B-A567-9A0E2F882335}.Debug|Any CPU.ActiveCfg = Debug|Any CPU
		{D03F3BAF-E4D0-4B6B-A567-9A0E2F882335}.Debug|Any CPU.Build.0 = Debug|Any CPU
		{D03F3BAF-E4D0-4B6B-A567-9A0E2F882335}.Debug|x86.ActiveCfg = Debug|Any CPU
		{D03F3BAF-E4D0-4B6B-A567-9A0E2F882335}.Debug|x86.Build.0 = Debug|Any CPU
		{D03F3BAF-E4D0-4B6B-A567-9A0E2F882335}.Distribution|Any CPU.ActiveCfg = Debug|Any CPU
		{D03F3BAF-E4D0-4B6B-A567-9A0E2F882335}.Distribution|Any CPU.Build.0 = Debug|Any CPU
		{D03F3BAF-E4D0-4B6B-A567-9A0E2F882335}.Release|Any CPU.ActiveCfg = Release|Any CPU
		{D03F3BAF-E4D0-4B6B-A567-9A0E2F882335}.Release|Any CPU.Build.0 = Release|Any CPU
		{D03F3BAF-E4D0-4B6B-A567-9A0E2F882335}.Release|x86.ActiveCfg = Release|Any CPU
		{D03F3BAF-E4D0-4B6B-A567-9A0E2F882335}.Release|x86.Build.0 = Release|Any CPU
		{D5C989FD-6AE3-417F-BCB9-7AE30F195A31}.AppStore|Any CPU.ActiveCfg = AppStore|Any CPU
		{D5C989FD-6AE3-417F-BCB9-7AE30F195A31}.AppStore|Any CPU.Build.0 = AppStore|Any CPU
		{D5C989FD-6AE3-417F-BCB9-7AE30F195A31}.Debug|Any CPU.ActiveCfg = Debug|Any CPU
		{D5C989FD-6AE3-417F-BCB9-7AE30F195A31}.Debug|Any CPU.Build.0 = Debug|Any CPU
		{D5C989FD-6AE3-417F-BCB9-7AE30F195A31}.Debug|iPhone.ActiveCfg = Debug|Any CPU
		{D5C989FD-6AE3-417F-BCB9-7AE30F195A31}.Debug|iPhone.Build.0 = Debug|Any CPU
		{D5C989FD-6AE3-417F-BCB9-7AE30F195A31}.Debug|iPhoneSimulator.ActiveCfg = Debug|Any CPU
		{D5C989FD-6AE3-417F-BCB9-7AE30F195A31}.Debug|iPhoneSimulator.Build.0 = Debug|Any CPU
		{D5C989FD-6AE3-417F-BCB9-7AE30F195A31}.Debug|x86.ActiveCfg = Debug|Any CPU
		{D5C989FD-6AE3-417F-BCB9-7AE30F195A31}.Debug|x86.Build.0 = Debug|Any CPU
		{D5C989FD-6AE3-417F-BCB9-7AE30F195A31}.Distribution|Any CPU.ActiveCfg = Debug|Any CPU
		{D5C989FD-6AE3-417F-BCB9-7AE30F195A31}.Distribution|Any CPU.Build.0 = Debug|Any CPU
		{D5C989FD-6AE3-417F-BCB9-7AE30F195A31}.Release|Any CPU.ActiveCfg = Release|Any CPU
		{D5C989FD-6AE3-417F-BCB9-7AE30F195A31}.Release|Any CPU.Build.0 = Release|Any CPU
		{D5C989FD-6AE3-417F-BCB9-7AE30F195A31}.Release|iPhone.ActiveCfg = Release|Any CPU
		{D5C989FD-6AE3-417F-BCB9-7AE30F195A31}.Release|iPhone.Build.0 = Release|Any CPU
		{D5C989FD-6AE3-417F-BCB9-7AE30F195A31}.Release|iPhoneSimulator.ActiveCfg = Release|Any CPU
		{D5C989FD-6AE3-417F-BCB9-7AE30F195A31}.Release|iPhoneSimulator.Build.0 = Release|Any CPU
		{D5C989FD-6AE3-417F-BCB9-7AE30F195A31}.Release|x86.ActiveCfg = Release|Any CPU
		{D5C989FD-6AE3-417F-BCB9-7AE30F195A31}.Release|x86.Build.0 = Release|Any CPU
		{D6E4E5BC-8998-4718-8E84-80901E6739CC}.AppStore|Any CPU.ActiveCfg = Debug|Any CPU
		{D6E4E5BC-8998-4718-8E84-80901E6739CC}.AppStore|Any CPU.Build.0 = Debug|Any CPU
		{D6E4E5BC-8998-4718-8E84-80901E6739CC}.Debug|Any CPU.ActiveCfg = Debug|Any CPU
		{D6E4E5BC-8998-4718-8E84-80901E6739CC}.Debug|Any CPU.Build.0 = Debug|Any CPU
		{D6E4E5BC-8998-4718-8E84-80901E6739CC}.Debug|iPhone.ActiveCfg = Debug|Any CPU
		{D6E4E5BC-8998-4718-8E84-80901E6739CC}.Debug|iPhone.Build.0 = Debug|Any CPU
		{D6E4E5BC-8998-4718-8E84-80901E6739CC}.Debug|iPhoneSimulator.ActiveCfg = Debug|Any CPU
		{D6E4E5BC-8998-4718-8E84-80901E6739CC}.Debug|iPhoneSimulator.Build.0 = Debug|Any CPU
		{D6E4E5BC-8998-4718-8E84-80901E6739CC}.Debug|x86.ActiveCfg = Debug|Any CPU
		{D6E4E5BC-8998-4718-8E84-80901E6739CC}.Debug|x86.Build.0 = Debug|Any CPU
		{D6E4E5BC-8998-4718-8E84-80901E6739CC}.Distribution|Any CPU.ActiveCfg = Debug|Any CPU
		{D6E4E5BC-8998-4718-8E84-80901E6739CC}.Distribution|Any CPU.Build.0 = Debug|Any CPU
		{D6E4E5BC-8998-4718-8E84-80901E6739CC}.Release|Any CPU.ActiveCfg = Release|Any CPU
		{D6E4E5BC-8998-4718-8E84-80901E6739CC}.Release|Any CPU.Build.0 = Release|Any CPU
		{D6E4E5BC-8998-4718-8E84-80901E6739CC}.Release|iPhone.ActiveCfg = Release|Any CPU
		{D6E4E5BC-8998-4718-8E84-80901E6739CC}.Release|iPhone.Build.0 = Release|Any CPU
		{D6E4E5BC-8998-4718-8E84-80901E6739CC}.Release|iPhoneSimulator.ActiveCfg = Release|Any CPU
		{D6E4E5BC-8998-4718-8E84-80901E6739CC}.Release|iPhoneSimulator.Build.0 = Release|Any CPU
		{D6E4E5BC-8998-4718-8E84-80901E6739CC}.Release|x86.ActiveCfg = Release|Any CPU
		{D6E4E5BC-8998-4718-8E84-80901E6739CC}.Release|x86.Build.0 = Release|Any CPU
		{ECD1D53E-F50A-4299-9B0F-2F64D6063513}.Debug|Any CPU.ActiveCfg = Debug|Any CPU
		{ECD1D53E-F50A-4299-9B0F-2F64D6063513}.Debug|Any CPU.Build.0 = Debug|Any CPU
		{ECD1D53E-F50A-4299-9B0F-2F64D6063513}.Debug|iPhone.ActiveCfg = Debug|Any CPU
		{ECD1D53E-F50A-4299-9B0F-2F64D6063513}.Debug|iPhone.Build.0 = Debug|Any CPU
		{ECD1D53E-F50A-4299-9B0F-2F64D6063513}.Debug|iPhoneSimulator.ActiveCfg = Debug|Any CPU
		{ECD1D53E-F50A-4299-9B0F-2F64D6063513}.Debug|iPhoneSimulator.Build.0 = Debug|Any CPU
		{ECD1D53E-F50A-4299-9B0F-2F64D6063513}.Debug|x86.ActiveCfg = Debug|Any CPU
		{ECD1D53E-F50A-4299-9B0F-2F64D6063513}.Debug|x86.Build.0 = Debug|Any CPU
		{ECD1D53E-F50A-4299-9B0F-2F64D6063513}.Distribution|Any CPU.ActiveCfg = Debug|Any CPU
		{ECD1D53E-F50A-4299-9B0F-2F64D6063513}.Distribution|Any CPU.Build.0 = Debug|Any CPU
		{ECD1D53E-F50A-4299-9B0F-2F64D6063513}.Release|Any CPU.ActiveCfg = Release|Any CPU
		{ECD1D53E-F50A-4299-9B0F-2F64D6063513}.Release|Any CPU.Build.0 = Release|Any CPU
		{ECD1D53E-F50A-4299-9B0F-2F64D6063513}.Release|iPhone.ActiveCfg = Release|Any CPU
		{ECD1D53E-F50A-4299-9B0F-2F64D6063513}.Release|iPhone.Build.0 = Release|Any CPU
		{ECD1D53E-F50A-4299-9B0F-2F64D6063513}.Release|iPhoneSimulator.ActiveCfg = Release|Any CPU
		{ECD1D53E-F50A-4299-9B0F-2F64D6063513}.Release|iPhoneSimulator.Build.0 = Release|Any CPU
		{ECD1D53E-F50A-4299-9B0F-2F64D6063513}.Release|x86.ActiveCfg = Release|Any CPU
		{ECD1D53E-F50A-4299-9B0F-2F64D6063513}.Release|x86.Build.0 = Release|Any CPU
		{EF8F598D-9F68-44B1-9DD1-BEF79E088CF9}.AppStore|Any CPU.ActiveCfg = Debug|x86
		{EF8F598D-9F68-44B1-9DD1-BEF79E088CF9}.AppStore|Any CPU.Build.0 = Debug|x86
		{EF8F598D-9F68-44B1-9DD1-BEF79E088CF9}.Debug|Any CPU.ActiveCfg = Debug|x86
		{EF8F598D-9F68-44B1-9DD1-BEF79E088CF9}.Debug|Any CPU.Build.0 = Debug|x86
		{EF8F598D-9F68-44B1-9DD1-BEF79E088CF9}.Debug|iPhone.ActiveCfg = Debug|x86
		{EF8F598D-9F68-44B1-9DD1-BEF79E088CF9}.Debug|iPhone.Build.0 = Debug|x86
		{EF8F598D-9F68-44B1-9DD1-BEF79E088CF9}.Debug|iPhoneSimulator.ActiveCfg = Debug|x86
		{EF8F598D-9F68-44B1-9DD1-BEF79E088CF9}.Debug|iPhoneSimulator.Build.0 = Debug|x86
		{EF8F598D-9F68-44B1-9DD1-BEF79E088CF9}.Debug|x86.ActiveCfg = Debug|x86
		{EF8F598D-9F68-44B1-9DD1-BEF79E088CF9}.Debug|x86.Build.0 = Debug|x86
		{EF8F598D-9F68-44B1-9DD1-BEF79E088CF9}.Distribution|Any CPU.ActiveCfg = Debug|x86
		{EF8F598D-9F68-44B1-9DD1-BEF79E088CF9}.Distribution|Any CPU.Build.0 = Debug|x86
		{EF8F598D-9F68-44B1-9DD1-BEF79E088CF9}.Release|Any CPU.ActiveCfg = Release|x86
		{EF8F598D-9F68-44B1-9DD1-BEF79E088CF9}.Release|Any CPU.Build.0 = Release|x86
		{EF8F598D-9F68-44B1-9DD1-BEF79E088CF9}.Release|iPhone.ActiveCfg = Release|x86
		{EF8F598D-9F68-44B1-9DD1-BEF79E088CF9}.Release|iPhone.Build.0 = Release|x86
		{EF8F598D-9F68-44B1-9DD1-BEF79E088CF9}.Release|iPhoneSimulator.ActiveCfg = Release|x86
		{EF8F598D-9F68-44B1-9DD1-BEF79E088CF9}.Release|iPhoneSimulator.Build.0 = Release|x86
		{EF8F598D-9F68-44B1-9DD1-BEF79E088CF9}.Release|x86.ActiveCfg = Release|x86
		{EF8F598D-9F68-44B1-9DD1-BEF79E088CF9}.Release|x86.Build.0 = Release|x86
		{F3115910-E6D1-450D-97FB-A8168A5D622E}.Debug|Any CPU.ActiveCfg = Debug|Any CPU
		{F3115910-E6D1-450D-97FB-A8168A5D622E}.Debug|Any CPU.Build.0 = Debug|Any CPU
		{F3115910-E6D1-450D-97FB-A8168A5D622E}.Debug|x86.ActiveCfg = Debug|Any CPU
		{F3115910-E6D1-450D-97FB-A8168A5D622E}.Debug|x86.Build.0 = Debug|Any CPU
		{F3115910-E6D1-450D-97FB-A8168A5D622E}.Distribution|Any CPU.ActiveCfg = Debug|Any CPU
		{F3115910-E6D1-450D-97FB-A8168A5D622E}.Distribution|Any CPU.Build.0 = Debug|Any CPU
		{F3115910-E6D1-450D-97FB-A8168A5D622E}.Release|Any CPU.ActiveCfg = Release|Any CPU
		{F3115910-E6D1-450D-97FB-A8168A5D622E}.Release|Any CPU.Build.0 = Release|Any CPU
		{F3115910-E6D1-450D-97FB-A8168A5D622E}.Release|x86.ActiveCfg = Release|Any CPU
		{F3115910-E6D1-450D-97FB-A8168A5D622E}.Release|x86.Build.0 = Release|Any CPU
		{FE144248-B1ED-4A7C-980C-7A2E603CE604}.Debug|Any CPU.ActiveCfg = Debug|Any CPU
		{FE144248-B1ED-4A7C-980C-7A2E603CE604}.Debug|Any CPU.Build.0 = Debug|Any CPU
		{FE144248-B1ED-4A7C-980C-7A2E603CE604}.Debug|x86.ActiveCfg = Debug|Any CPU
		{FE144248-B1ED-4A7C-980C-7A2E603CE604}.Debug|x86.Build.0 = Debug|Any CPU
		{FE144248-B1ED-4A7C-980C-7A2E603CE604}.Distribution|Any CPU.ActiveCfg = Debug|Any CPU
		{FE144248-B1ED-4A7C-980C-7A2E603CE604}.Distribution|Any CPU.Build.0 = Debug|Any CPU
		{FE144248-B1ED-4A7C-980C-7A2E603CE604}.Release|Any CPU.ActiveCfg = Release|Any CPU
		{FE144248-B1ED-4A7C-980C-7A2E603CE604}.Release|Any CPU.Build.0 = Release|Any CPU
		{FE144248-B1ED-4A7C-980C-7A2E603CE604}.Release|x86.ActiveCfg = Release|Any CPU
		{FE144248-B1ED-4A7C-980C-7A2E603CE604}.Release|x86.Build.0 = Release|Any CPU
		{AFFFC991-4956-45EF-8746-C1AE3FC7A245}.AppStore|Any CPU.ActiveCfg = Debug|x86
		{AFFFC991-4956-45EF-8746-C1AE3FC7A245}.AppStore|Any CPU.Build.0 = Debug|x86
		{AFFFC991-4956-45EF-8746-C1AE3FC7A245}.Debug|Any CPU.ActiveCfg = Debug|x86
		{AFFFC991-4956-45EF-8746-C1AE3FC7A245}.Debug|Any CPU.Build.0 = Debug|x86
		{AFFFC991-4956-45EF-8746-C1AE3FC7A245}.Debug|iPhone.ActiveCfg = Debug|x86
		{AFFFC991-4956-45EF-8746-C1AE3FC7A245}.Debug|iPhone.Build.0 = Debug|x86
		{AFFFC991-4956-45EF-8746-C1AE3FC7A245}.Debug|iPhoneSimulator.ActiveCfg = Debug|x86
		{AFFFC991-4956-45EF-8746-C1AE3FC7A245}.Debug|iPhoneSimulator.Build.0 = Debug|x86
		{AFFFC991-4956-45EF-8746-C1AE3FC7A245}.Debug|x86.ActiveCfg = Debug|x86
		{AFFFC991-4956-45EF-8746-C1AE3FC7A245}.Debug|x86.Build.0 = Debug|x86
		{AFFFC991-4956-45EF-8746-C1AE3FC7A245}.Distribution|Any CPU.ActiveCfg = Debug|x86
		{AFFFC991-4956-45EF-8746-C1AE3FC7A245}.Distribution|Any CPU.Build.0 = Debug|x86
		{AFFFC991-4956-45EF-8746-C1AE3FC7A245}.Release|Any CPU.ActiveCfg = Release|x86
		{AFFFC991-4956-45EF-8746-C1AE3FC7A245}.Release|Any CPU.Build.0 = Release|x86
		{AFFFC991-4956-45EF-8746-C1AE3FC7A245}.Release|iPhone.ActiveCfg = Release|x86
		{AFFFC991-4956-45EF-8746-C1AE3FC7A245}.Release|iPhone.Build.0 = Release|x86
		{AFFFC991-4956-45EF-8746-C1AE3FC7A245}.Release|iPhoneSimulator.ActiveCfg = Release|x86
		{AFFFC991-4956-45EF-8746-C1AE3FC7A245}.Release|iPhoneSimulator.Build.0 = Release|x86
		{AFFFC991-4956-45EF-8746-C1AE3FC7A245}.Release|x86.ActiveCfg = Release|x86
		{AFFFC991-4956-45EF-8746-C1AE3FC7A245}.Release|x86.Build.0 = Release|x86
	EndGlobalSection
	GlobalSection(NestedProjects) = preSolution
		{1585306B-CF46-479D-B234-1E10EDF4D741} = {80262DC5-B246-4DF4-88CD-D1742CCF81BA}
		{F3115910-E6D1-450D-97FB-A8168A5D622E} = {80262DC5-B246-4DF4-88CD-D1742CCF81BA}
		{81313197-A8DF-4465-B503-2DD8248B80A9} = {80262DC5-B246-4DF4-88CD-D1742CCF81BA}
		{9522776F-02BA-4BED-B8BB-6BAE580F4068} = {80262DC5-B246-4DF4-88CD-D1742CCF81BA}
		{521972FD-1A9B-4CFD-A435-EB2224985131} = {80262DC5-B246-4DF4-88CD-D1742CCF81BA}
		{75200892-E593-49EE-82D5-F59DB45883AD} = {D8364542-40DC-4D3C-9893-5DF46B9CEF77}
		{098BBC2D-63A6-4C22-8A30-E6C4F4FC0AC4} = {D8364542-40DC-4D3C-9893-5DF46B9CEF77}
	EndGlobalSection
	GlobalSection(MonoDevelopProperties) = preSolution
		StartupItem = ..\MonoGame.Framework\MonoGame.Framework.MacOS.csproj
		Policies = $0
		$0.TextStylePolicy = $1
		$1.EolMarker = Windows
		$1.scope = text/x-csharp
		$1.IndentWidth = 8
		$0.CSharpFormattingPolicy = $2
		$2.scope = text/x-csharp
		$2.IndentSwitchSection = False
		$2.NewLinesForBracesInProperties = False
		$2.NewLinesForBracesInAccessors = False
		$2.NewLinesForBracesInAnonymousMethods = False
		$2.NewLinesForBracesInControlBlocks = False
		$2.NewLinesForBracesInAnonymousTypes = False
		$2.NewLinesForBracesInObjectCollectionArrayInitializers = False
		$2.NewLinesForBracesInLambdaExpressionBody = False
		$2.NewLineForElse = False
		$2.NewLineForCatch = False
		$2.NewLineForFinally = False
		$2.NewLineForMembersInObjectInit = False
		$2.NewLineForMembersInAnonymousTypes = False
		$2.NewLineForClausesInQuery = False
		$2.SpacingAfterMethodDeclarationName = True
		$2.SpaceAfterMethodCallName = True
		$2.SpaceBeforeOpenSquareBracket = True
	EndGlobalSection
EndGlobal
