
Microsoft Visual Studio Solution File, Format Version 12.00
# Visual Studio Version 17
VisualStudioVersion = 17.0.31903.59
MinimumVisualStudioVersion = 10.0.40219.1
Project("{2150E333-8FDC-42A3-9474-1A3956D46DE8}") = "Core", "Core", "{FBF56CC3-7AE6-AD2D-3F14-7F97FD322CD6}"
EndProject
Project("{FAE04EC0-301F-11D3-BF4B-00C04F79EFBC}") = "BloomSample.Core", "Core\BloomSample.Core.csproj", "{9160AC34-463B-4D4A-9B02-0B745716E85C}"
EndProject
Project("{2150E333-8FDC-42A3-9474-1A3956D46DE8}") = "Platforms", "Platforms", "{324791A1-5798-203D-0CA6-A8E0DAEC81C8}"
EndProject
Project("{2150E333-8FDC-42A3-9474-1A3956D46DE8}") = "Windows", "Windows", "{E4D925BB-EB21-135E-07FA-7558DA769730}"
EndProject
Project("{FAE04EC0-301F-11D3-BF4B-00C04F79EFBC}") = "BloomSample.Windows", "Platforms\Windows\BloomSample.Windows.csproj", "{8EB62410-E25C-4C20-8CAE-915E6CAC56C1}"
EndProject
Project("{2150E333-8FDC-42A3-9474-1A3956D46DE8}") = "DesktopGL", "DesktopGL", "{91D1BC8C-EC53-FBF8-D730-71448E1710A6}"
EndProject
Project("{FAE04EC0-301F-11D3-BF4B-00C04F79EFBC}") = "BloomSample.DesktopGL", "Platforms\DesktopGL\BloomSample.DesktopGL.csproj", "{81F76C66-B112-432B-9DCD-325369D8F510}"
EndProject
Project("{2150E333-8FDC-42A3-9474-1A3956D46DE8}") = "Android", "Android", "{C12F4581-1215-E9D3-7920-679DE6ABBC05}"
EndProject
Project("{FAE04EC0-301F-11D3-BF4B-00C04F79EFBC}") = "BloomSample.Android", "Platforms\Android\BloomSample.Android.csproj", "{A3F6912A-9895-49E2-8BF1-A74C4AD34066}"
EndProject
Project("{2150E333-8FDC-42A3-9474-1A3956D46DE8}") = "iOS", "iOS", "{3260BC3A-D039-20BF-4861-22673C64F5D4}"
EndProject
Project("{FAE04EC0-301F-11D3-BF4B-00C04F79EFBC}") = "BloomSample.iOS", "Platforms\iOS\BloomSample.iOS.csproj", "{668F0249-EA63-4192-922E-EDB11778CE58}"
EndProject
Global
	GlobalSection(SolutionConfigurationPlatforms) = preSolution
		Debug|Any CPU = Debug|Any CPU
		Debug|x64 = Debug|x64
		Debug|x86 = Debug|x86
		Release|Any CPU = Release|Any CPU
		Release|x64 = Release|x64
		Release|x86 = Release|x86
	EndGlobalSection
	GlobalSection(ProjectConfigurationPlatforms) = postSolution
		{9160AC34-463B-4D4A-9B02-0B745716E85C}.Debug|Any CPU.ActiveCfg = Debug|Any CPU
		{9160AC34-463B-4D4A-9B02-0B745716E85C}.Debug|Any CPU.Build.0 = Debug|Any CPU
		{9160AC34-463B-4D4A-9B02-0B745716E85C}.Debug|x64.ActiveCfg = Debug|Any CPU
		{9160AC34-463B-4D4A-9B02-0B745716E85C}.Debug|x64.Build.0 = Debug|Any CPU
		{9160AC34-463B-4D4A-9B02-0B745716E85C}.Debug|x86.ActiveCfg = Debug|Any CPU
		{9160AC34-463B-4D4A-9B02-0B745716E85C}.Debug|x86.Build.0 = Debug|Any CPU
		{9160AC34-463B-4D4A-9B02-0B745716E85C}.Release|Any CPU.ActiveCfg = Release|Any CPU
		{9160AC34-463B-4D4A-9B02-0B745716E85C}.Release|Any CPU.Build.0 = Release|Any CPU
		{9160AC34-463B-4D4A-9B02-0B745716E85C}.Release|x64.ActiveCfg = Release|Any CPU
		{9160AC34-463B-4D4A-9B02-0B745716E85C}.Release|x64.Build.0 = Release|Any CPU
		{9160AC34-463B-4D4A-9B02-0B745716E85C}.Release|x86.ActiveCfg = Release|Any CPU
		{9160AC34-463B-4D4A-9B02-0B745716E85C}.Release|x86.Build.0 = Release|Any CPU
		{8EB62410-E25C-4C20-8CAE-915E6CAC56C1}.Debug|Any CPU.ActiveCfg = Debug|Any CPU
		{8EB62410-E25C-4C20-8CAE-915E6CAC56C1}.Debug|Any CPU.Build.0 = Debug|Any CPU
		{8EB62410-E25C-4C20-8CAE-915E6CAC56C1}.Debug|x64.ActiveCfg = Debug|Any CPU
		{8EB62410-E25C-4C20-8CAE-915E6CAC56C1}.Debug|x64.Build.0 = Debug|Any CPU
		{8EB62410-E25C-4C20-8CAE-915E6CAC56C1}.Debug|x86.ActiveCfg = Debug|Any CPU
		{8EB62410-E25C-4C20-8CAE-915E6CAC56C1}.Debug|x86.Build.0 = Debug|Any CPU
		{8EB62410-E25C-4C20-8CAE-915E6CAC56C1}.Release|Any CPU.ActiveCfg = Release|Any CPU
		{8EB62410-E25C-4C20-8CAE-915E6CAC56C1}.Release|Any CPU.Build.0 = Release|Any CPU
		{8EB62410-E25C-4C20-8CAE-915E6CAC56C1}.Release|x64.ActiveCfg = Release|Any CPU
		{8EB62410-E25C-4C20-8CAE-915E6CAC56C1}.Release|x64.Build.0 = Release|Any CPU
		{8EB62410-E25C-4C20-8CAE-915E6CAC56C1}.Release|x86.ActiveCfg = Release|Any CPU
		{8EB62410-E25C-4C20-8CAE-915E6CAC56C1}.Release|x86.Build.0 = Release|Any CPU
		{81F76C66-B112-432B-9DCD-325369D8F510}.Debug|Any CPU.ActiveCfg = Debug|Any CPU
		{81F76C66-B112-432B-9DCD-325369D8F510}.Debug|Any CPU.Build.0 = Debug|Any CPU
		{81F76C66-B112-432B-9DCD-325369D8F510}.Debug|x64.ActiveCfg = Debug|Any CPU
		{81F76C66-B112-432B-9DCD-325369D8F510}.Debug|x64.Build.0 = Debug|Any CPU
		{81F76C66-B112-432B-9DCD-325369D8F510}.Debug|x86.ActiveCfg = Debug|Any CPU
		{81F76C66-B112-432B-9DCD-325369D8F510}.Debug|x86.Build.0 = Debug|Any CPU
		{81F76C66-B112-432B-9DCD-325369D8F510}.Release|Any CPU.ActiveCfg = Release|Any CPU
		{81F76C66-B112-432B-9DCD-325369D8F510}.Release|Any CPU.Build.0 = Release|Any CPU
		{81F76C66-B112-432B-9DCD-325369D8F510}.Release|x64.ActiveCfg = Release|Any CPU
		{81F76C66-B112-432B-9DCD-325369D8F510}.Release|x64.Build.0 = Release|Any CPU
		{81F76C66-B112-432B-9DCD-325369D8F510}.Release|x86.ActiveCfg = Release|Any CPU
		{81F76C66-B112-432B-9DCD-325369D8F510}.Release|x86.Build.0 = Release|Any CPU
		{A3F6912A-9895-49E2-8BF1-A74C4AD34066}.Debug|Any CPU.ActiveCfg = Debug|Any CPU
		{A3F6912A-9895-49E2-8BF1-A74C4AD34066}.Debug|Any CPU.Build.0 = Debug|Any CPU
		{A3F6912A-9895-49E2-8BF1-A74C4AD34066}.Debug|x64.ActiveCfg = Debug|Any CPU
		{A3F6912A-9895-49E2-8BF1-A74C4AD34066}.Debug|x64.Build.0 = Debug|Any CPU
		{A3F6912A-9895-49E2-8BF1-A74C4AD34066}.Debug|x86.ActiveCfg = Debug|Any CPU
		{A3F6912A-9895-49E2-8BF1-A74C4AD34066}.Debug|x86.Build.0 = Debug|Any CPU
		{A3F6912A-9895-49E2-8BF1-A74C4AD34066}.Release|Any CPU.ActiveCfg = Release|Any CPU
		{A3F6912A-9895-49E2-8BF1-A74C4AD34066}.Release|Any CPU.Build.0 = Release|Any CPU
		{A3F6912A-9895-49E2-8BF1-A74C4AD34066}.Release|x64.ActiveCfg = Release|Any CPU
		{A3F6912A-9895-49E2-8BF1-A74C4AD34066}.Release|x64.Build.0 = Release|Any CPU
		{A3F6912A-9895-49E2-8BF1-A74C4AD34066}.Release|x86.ActiveCfg = Release|Any CPU
		{A3F6912A-9895-49E2-8BF1-A74C4AD34066}.Release|x86.Build.0 = Release|Any CPU
		{668F0249-EA63-4192-922E-EDB11778CE58}.Debug|Any CPU.ActiveCfg = Debug|Any CPU
		{668F0249-EA63-4192-922E-EDB11778CE58}.Debug|Any CPU.Build.0 = Debug|Any CPU
		{668F0249-EA63-4192-922E-EDB11778CE58}.Debug|x64.ActiveCfg = Debug|Any CPU
		{668F0249-EA63-4192-922E-EDB11778CE58}.Debug|x64.Build.0 = Debug|Any CPU
		{668F0249-EA63-4192-922E-EDB11778CE58}.Debug|x86.ActiveCfg = Debug|Any CPU
		{668F0249-EA63-4192-922E-EDB11778CE58}.Debug|x86.Build.0 = Debug|Any CPU
		{668F0249-EA63-4192-922E-EDB11778CE58}.Release|Any CPU.ActiveCfg = Release|Any CPU
		{668F0249-EA63-4192-922E-EDB11778CE58}.Release|Any CPU.Build.0 = Release|Any CPU
		{668F0249-EA63-4192-922E-EDB11778CE58}.Release|x64.ActiveCfg = Release|Any CPU
		{668F0249-EA63-4192-922E-EDB11778CE58}.Release|x64.Build.0 = Release|Any CPU
		{668F0249-EA63-4192-922E-EDB11778CE58}.Release|x86.ActiveCfg = Release|Any CPU
		{668F0249-EA63-4192-922E-EDB11778CE58}.Release|x86.Build.0 = Release|Any CPU
	EndGlobalSection
	GlobalSection(SolutionProperties) = preSolution
		HideSolutionNode = FALSE
	EndGlobalSection
	GlobalSection(NestedProjects) = preSolution
		{9160AC34-463B-4D4A-9B02-0B745716E85C} = {FBF56CC3-7AE6-AD2D-3F14-7F97FD322CD6}
		{E4D925BB-EB21-135E-07FA-7558DA769730} = {324791A1-5798-203D-0CA6-A8E0DAEC81C8}
		{8EB62410-E25C-4C20-8CAE-915E6CAC56C1} = {E4D925BB-EB21-135E-07FA-7558DA769730}
		{91D1BC8C-EC53-FBF8-D730-71448E1710A6} = {324791A1-5798-203D-0CA6-A8E0DAEC81C8}
		{81F76C66-B112-432B-9DCD-325369D8F510} = {91D1BC8C-EC53-FBF8-D730-71448E1710A6}
		{C12F4581-1215-E9D3-7920-679DE6ABBC05} = {324791A1-5798-203D-0CA6-A8E0DAEC81C8}
		{A3F6912A-9895-49E2-8BF1-A74C4AD34066} = {C12F4581-1215-E9D3-7920-679DE6ABBC05}
		{3260BC3A-D039-20BF-4861-22673C64F5D4} = {324791A1-5798-203D-0CA6-A8E0DAEC81C8}
		{668F0249-EA63-4192-922E-EDB11778CE58} = {3260BC3A-D039-20BF-4861-22673C64F5D4}
	EndGlobalSection
EndGlobal
