Microsoft Visual Studio Solution File, Format Version 12.00
# Visual Studio Version 17
VisualStudioVersion = 17.0.31903.59
MinimumVisualStudioVersion = 10.0.40219.1
Project("{FAE04EC0-301F-11D3-BF4B-00C04F79EFBC}") = "Core", "Core\Shooter.Core.csproj", "{A1B2C3D4-E5F6-4A5B-8C9D-1E2F3A4B5C6D}"
EndProject
Project("{FAE04EC0-301F-11D3-BF4B-00C04F79EFBC}") = "Physics", "Physics\Shooter.Physics.csproj", "{B2C3D4E5-F6A7-5B6C-9D0E-2F3A4B5C6D7E}"
EndProject
Project("{FAE04EC0-301F-11D3-BF4B-00C04F79EFBC}") = "Graphics", "Graphics\Shooter.Graphics.csproj", "{C3D4E5F6-A7B8-6C7D-0E1F-3A4B5C6D7E8F}"
EndProject
Project("{FAE04EC0-301F-11D3-BF4B-00C04F79EFBC}") = "Gameplay", "Gameplay\Shooter.Gameplay.csproj", "{D4E5F6A7-B8C9-7D8E-1F0A-4B5C6D7E8F9A}"
EndProject
Project("{FAE04EC0-301F-11D3-BF4B-00C04F79EFBC}") = "UI", "UI\Shooter.UI.csproj", "{E5F6A7B8-C9D0-8E9F-0A1B-5C6D7E8F9A0B}"
EndProject
Project("{2150E333-8FDC-42A3-9474-1A3956D46DE8}") = "Platforms", "Platforms", "{02EA681E-C7D8-13C7-8484-4AC65E1B71E8}"
EndProject
Project("{2150E333-8FDC-42A3-9474-1A3956D46DE8}") = "Android", "Android", "{701B9207-4D9B-44F7-8268-954E67FE853C}"
EndProject
Project("{2150E333-8FDC-42A3-9474-1A3956D46DE8}") = "iOS", "iOS", "{1D8A945F-ED61-4CED-A588-067276909A8B}"
EndProject
Project("{2150E333-8FDC-42A3-9474-1A3956D46DE8}") = "Desktop", "Desktop", "{2474D12A-904D-4D4C-9444-69356446E76F}"
EndProject
Project("{2150E333-8FDC-42A3-9474-1A3956D46DE8}") = "Windows", "Windows", "{D618A9B5-6DAA-4E3D-9386-9716B7946B85}"
EndProject
Project("{FAE04EC0-301F-11D3-BF4B-00C04F79EFBC}") = "Shooter", "Platforms\Windows\Shooter.csproj", "{3A600D32-E361-F396-2DC3-DFF1368B4ABE}"
EndProject
Project("{FAE04EC0-301F-11D3-BF4B-00C04F79EFBC}") = "Shooter", "Platforms\Android\Shooter.csproj", "{451C0551-1586-C5BD-EBBE-EC964B54E639}"
EndProject
Project("{FAE04EC0-301F-11D3-BF4B-00C04F79EFBC}") = "Shooter", "Platforms\Desktop\Shooter.csproj", "{A7D31C58-C281-9161-11FF-1FC9E59ED6A2}"
EndProject
Project("{FAE04EC0-301F-11D3-BF4B-00C04F79EFBC}") = "Shooter", "Platforms\iOS\Shooter.csproj", "{3F4F46BF-2FA6-438E-591C-A7B82E9D8F3F}"
EndProject
Global
	GlobalSection(SolutionConfigurationPlatforms) = preSolution
		Debug|Any CPU = Debug|Any CPU
		Release|Any CPU = Release|Any CPU
	EndGlobalSection
	GlobalSection(ProjectConfigurationPlatforms) = postSolution
		{A1B2C3D4-E5F6-4A5B-8C9D-1E2F3A4B5C6D}.Debug|Any CPU.ActiveCfg = Debug|Any CPU
		{A1B2C3D4-E5F6-4A5B-8C9D-1E2F3A4B5C6D}.Debug|Any CPU.Build.0 = Debug|Any CPU
		{A1B2C3D4-E5F6-4A5B-8C9D-1E2F3A4B5C6D}.Release|Any CPU.ActiveCfg = Release|Any CPU
		{A1B2C3D4-E5F6-4A5B-8C9D-1E2F3A4B5C6D}.Release|Any CPU.Build.0 = Release|Any CPU
		{B2C3D4E5-F6A7-5B6C-9D0E-2F3A4B5C6D7E}.Debug|Any CPU.ActiveCfg = Debug|Any CPU
		{B2C3D4E5-F6A7-5B6C-9D0E-2F3A4B5C6D7E}.Debug|Any CPU.Build.0 = Debug|Any CPU
		{B2C3D4E5-F6A7-5B6C-9D0E-2F3A4B5C6D7E}.Release|Any CPU.ActiveCfg = Release|Any CPU
		{B2C3D4E5-F6A7-5B6C-9D0E-2F3A4B5C6D7E}.Release|Any CPU.Build.0 = Release|Any CPU
		{C3D4E5F6-A7B8-6C7D-0E1F-3A4B5C6D7E8F}.Debug|Any CPU.ActiveCfg = Debug|Any CPU
		{C3D4E5F6-A7B8-6C7D-0E1F-3A4B5C6D7E8F}.Debug|Any CPU.Build.0 = Debug|Any CPU
		{C3D4E5F6-A7B8-6C7D-0E1F-3A4B5C6D7E8F}.Release|Any CPU.ActiveCfg = Release|Any CPU
		{C3D4E5F6-A7B8-6C7D-0E1F-3A4B5C6D7E8F}.Release|Any CPU.Build.0 = Release|Any CPU
		{D4E5F6A7-B8C9-7D8E-1F0A-4B5C6D7E8F9A}.Debug|Any CPU.ActiveCfg = Debug|Any CPU
		{D4E5F6A7-B8C9-7D8E-1F0A-4B5C6D7E8F9A}.Debug|Any CPU.Build.0 = Debug|Any CPU
		{D4E5F6A7-B8C9-7D8E-1F0A-4B5C6D7E8F9A}.Release|Any CPU.ActiveCfg = Release|Any CPU
		{D4E5F6A7-B8C9-7D8E-1F0A-4B5C6D7E8F9A}.Release|Any CPU.Build.0 = Release|Any CPU
		{E5F6A7B8-C9D0-8E9F-0A1B-5C6D7E8F9A0B}.Debug|Any CPU.ActiveCfg = Debug|Any CPU
		{E5F6A7B8-C9D0-8E9F-0A1B-5C6D7E8F9A0B}.Debug|Any CPU.Build.0 = Debug|Any CPU
		{E5F6A7B8-C9D0-8E9F-0A1B-5C6D7E8F9A0B}.Release|Any CPU.ActiveCfg = Release|Any CPU
		{E5F6A7B8-C9D0-8E9F-0A1B-5C6D7E8F9A0B}.Release|Any CPU.Build.0 = Release|Any CPU
		{3A600D32-E361-F396-2DC3-DFF1368B4ABE}.Debug|Any CPU.ActiveCfg = Debug|Any CPU
		{3A600D32-E361-F396-2DC3-DFF1368B4ABE}.Debug|Any CPU.Build.0 = Debug|Any CPU
		{3A600D32-E361-F396-2DC3-DFF1368B4ABE}.Release|Any CPU.ActiveCfg = Release|Any CPU
		{3A600D32-E361-F396-2DC3-DFF1368B4ABE}.Release|Any CPU.Build.0 = Release|Any CPU
		{451C0551-1586-C5BD-EBBE-EC964B54E639}.Debug|Any CPU.ActiveCfg = Debug|Any CPU
		{451C0551-1586-C5BD-EBBE-EC964B54E639}.Debug|Any CPU.Build.0 = Debug|Any CPU
		{451C0551-1586-C5BD-EBBE-EC964B54E639}.Debug|Any CPU.Deploy.0 = Debug|Any CPU
		{451C0551-1586-C5BD-EBBE-EC964B54E639}.Release|Any CPU.ActiveCfg = Release|Any CPU
		{451C0551-1586-C5BD-EBBE-EC964B54E639}.Release|Any CPU.Build.0 = Release|Any CPU
		{451C0551-1586-C5BD-EBBE-EC964B54E639}.Release|Any CPU.Deploy.0 = Release|Any CPU
		{A7D31C58-C281-9161-11FF-1FC9E59ED6A2}.Debug|Any CPU.ActiveCfg = Debug|Any CPU
		{A7D31C58-C281-9161-11FF-1FC9E59ED6A2}.Debug|Any CPU.Build.0 = Debug|Any CPU
		{A7D31C58-C281-9161-11FF-1FC9E59ED6A2}.Release|Any CPU.ActiveCfg = Release|Any CPU
		{A7D31C58-C281-9161-11FF-1FC9E59ED6A2}.Release|Any CPU.Build.0 = Release|Any CPU
		{3F4F46BF-2FA6-438E-591C-A7B82E9D8F3F}.Debug|Any CPU.ActiveCfg = Debug|Any CPU
		{3F4F46BF-2FA6-438E-591C-A7B82E9D8F3F}.Debug|Any CPU.Build.0 = Debug|Any CPU
		{3F4F46BF-2FA6-438E-591C-A7B82E9D8F3F}.Release|Any CPU.ActiveCfg = Release|Any CPU
		{3F4F46BF-2FA6-438E-591C-A7B82E9D8F3F}.Release|Any CPU.Build.0 = Release|Any CPU
	EndGlobalSection
	GlobalSection(SolutionProperties) = preSolution
		HideSolutionNode = FALSE
	EndGlobalSection
	GlobalSection(NestedProjects) = preSolution
		{701B9207-4D9B-44F7-8268-954E67FE853C} = {02EA681E-C7D8-13C7-8484-4AC65E1B71E8}
		{1D8A945F-ED61-4CED-A588-067276909A8B} = {02EA681E-C7D8-13C7-8484-4AC65E1B71E8}
		{2474D12A-904D-4D4C-9444-69356446E76F} = {02EA681E-C7D8-13C7-8484-4AC65E1B71E8}
		{D618A9B5-6DAA-4E3D-9386-9716B7946B85} = {02EA681E-C7D8-13C7-8484-4AC65E1B71E8}
		{3A600D32-E361-F396-2DC3-DFF1368B4ABE} = {D618A9B5-6DAA-4E3D-9386-9716B7946B85}
		{451C0551-1586-C5BD-EBBE-EC964B54E639} = {701B9207-4D9B-44F7-8268-954E67FE853C}
		{A7D31C58-C281-9161-11FF-1FC9E59ED6A2} = {2474D12A-904D-4D4C-9444-69356446E76F}
		{3F4F46BF-2FA6-438E-591C-A7B82E9D8F3F} = {1D8A945F-ED61-4CED-A588-067276909A8B}
	EndGlobalSection
	GlobalSection(ExtensibilityGlobals) = postSolution
		SolutionGuid = {57F008B6-4451-44DB-9588-0886CBB61C95}
	EndGlobalSection
EndGlobal
