
Microsoft Visual Studio Solution File, Format Version 12.00
# Visual Studio Version 17
VisualStudioVersion = 17.0.31903.59
MinimumVisualStudioVersion = 10.0.40219.1
Project("{2150E333-8FDC-42A3-9474-1A3956D46DE8}") = "Core", "Core", "{FBF56CC3-7AE6-AD2D-3F14-7F97FD322CD6}"
EndProject
Project("{FAE04EC0-301F-11D3-BF4B-00C04F79EFBC}") = "TexturedQuad.Core", "Core\TexturedQuad.Core.csproj", "{9B0B11D5-F65F-4390-9124-79C3CB2EE34B}"
EndProject
Project("{2150E333-8FDC-42A3-9474-1A3956D46DE8}") = "Platforms", "Platforms", "{324791A1-5798-203D-0CA6-A8E0DAEC81C8}"
EndProject
Project("{2150E333-8FDC-42A3-9474-1A3956D46DE8}") = "Windows", "Windows", "{E4D925BB-EB21-135E-07FA-7558DA769730}"
EndProject
Project("{FAE04EC0-301F-11D3-BF4B-00C04F79EFBC}") = "TexturedQuad.Windows", "Platforms\Windows\TexturedQuad.Windows.csproj", "{681F9F1C-6190-4EE1-82C7-D810CDCDC582}"
EndProject
Project("{2150E333-8FDC-42A3-9474-1A3956D46DE8}") = "DesktopGL", "DesktopGL", "{91D1BC8C-EC53-FBF8-D730-71448E1710A6}"
EndProject
Project("{FAE04EC0-301F-11D3-BF4B-00C04F79EFBC}") = "TexturedQuad.DesktopGL", "Platforms\DesktopGL\TexturedQuad.DesktopGL.csproj", "{C7BB1929-C354-4722-8A41-9D423B4F8E30}"
EndProject
Project("{2150E333-8FDC-42A3-9474-1A3956D46DE8}") = "Android", "Android", "{C12F4581-1215-E9D3-7920-679DE6ABBC05}"
EndProject
Project("{FAE04EC0-301F-11D3-BF4B-00C04F79EFBC}") = "TexturedQuad.Android", "Platforms\Android\TexturedQuad.Android.csproj", "{031CC295-3C1E-415C-A2F2-009E4DB893A6}"
EndProject
Project("{2150E333-8FDC-42A3-9474-1A3956D46DE8}") = "iOS", "iOS", "{3260BC3A-D039-20BF-4861-22673C64F5D4}"
EndProject
Project("{FAE04EC0-301F-11D3-BF4B-00C04F79EFBC}") = "TexturedQuad.iOS", "Platforms\iOS\TexturedQuad.iOS.csproj", "{AC467600-6F66-49D9-B8F7-4A0F6D2B656E}"
EndProject
Global
	GlobalSection(SolutionConfigurationPlatforms) = preSolution
		Debug|Any CPU = Debug|Any CPU
		Debug|x64 = Debug|x64
		Debug|x86 = Debug|x86
		Release|Any CPU = Release|Any CPU
		Release|x64 = Release|x64
		Release|x86 = Release|x86
	EndGlobalSection
	GlobalSection(ProjectConfigurationPlatforms) = postSolution
		{9B0B11D5-F65F-4390-9124-79C3CB2EE34B}.Debug|Any CPU.ActiveCfg = Debug|Any CPU
		{9B0B11D5-F65F-4390-9124-79C3CB2EE34B}.Debug|Any CPU.Build.0 = Debug|Any CPU
		{9B0B11D5-F65F-4390-9124-79C3CB2EE34B}.Debug|x64.ActiveCfg = Debug|Any CPU
		{9B0B11D5-F65F-4390-9124-79C3CB2EE34B}.Debug|x64.Build.0 = Debug|Any CPU
		{9B0B11D5-F65F-4390-9124-79C3CB2EE34B}.Debug|x86.ActiveCfg = Debug|Any CPU
		{9B0B11D5-F65F-4390-9124-79C3CB2EE34B}.Debug|x86.Build.0 = Debug|Any CPU
		{9B0B11D5-F65F-4390-9124-79C3CB2EE34B}.Release|Any CPU.ActiveCfg = Release|Any CPU
		{9B0B11D5-F65F-4390-9124-79C3CB2EE34B}.Release|Any CPU.Build.0 = Release|Any CPU
		{9B0B11D5-F65F-4390-9124-79C3CB2EE34B}.Release|x64.ActiveCfg = Release|Any CPU
		{9B0B11D5-F65F-4390-9124-79C3CB2EE34B}.Release|x64.Build.0 = Release|Any CPU
		{9B0B11D5-F65F-4390-9124-79C3CB2EE34B}.Release|x86.ActiveCfg = Release|Any CPU
		{9B0B11D5-F65F-4390-9124-79C3CB2EE34B}.Release|x86.Build.0 = Release|Any CPU
		{681F9F1C-6190-4EE1-82C7-D810CDCDC582}.Debug|Any CPU.ActiveCfg = Debug|Any CPU
		{681F9F1C-6190-4EE1-82C7-D810CDCDC582}.Debug|Any CPU.Build.0 = Debug|Any CPU
		{681F9F1C-6190-4EE1-82C7-D810CDCDC582}.Debug|x64.ActiveCfg = Debug|Any CPU
		{681F9F1C-6190-4EE1-82C7-D810CDCDC582}.Debug|x64.Build.0 = Debug|Any CPU
		{681F9F1C-6190-4EE1-82C7-D810CDCDC582}.Debug|x86.ActiveCfg = Debug|Any CPU
		{681F9F1C-6190-4EE1-82C7-D810CDCDC582}.Debug|x86.Build.0 = Debug|Any CPU
		{681F9F1C-6190-4EE1-82C7-D810CDCDC582}.Release|Any CPU.ActiveCfg = Release|Any CPU
		{681F9F1C-6190-4EE1-82C7-D810CDCDC582}.Release|Any CPU.Build.0 = Release|Any CPU
		{681F9F1C-6190-4EE1-82C7-D810CDCDC582}.Release|x64.ActiveCfg = Release|Any CPU
		{681F9F1C-6190-4EE1-82C7-D810CDCDC582}.Release|x64.Build.0 = Release|Any CPU
		{681F9F1C-6190-4EE1-82C7-D810CDCDC582}.Release|x86.ActiveCfg = Release|Any CPU
		{681F9F1C-6190-4EE1-82C7-D810CDCDC582}.Release|x86.Build.0 = Release|Any CPU
		{C7BB1929-C354-4722-8A41-9D423B4F8E30}.Debug|Any CPU.ActiveCfg = Debug|Any CPU
		{C7BB1929-C354-4722-8A41-9D423B4F8E30}.Debug|Any CPU.Build.0 = Debug|Any CPU
		{C7BB1929-C354-4722-8A41-9D423B4F8E30}.Debug|x64.ActiveCfg = Debug|Any CPU
		{C7BB1929-C354-4722-8A41-9D423B4F8E30}.Debug|x64.Build.0 = Debug|Any CPU
		{C7BB1929-C354-4722-8A41-9D423B4F8E30}.Debug|x86.ActiveCfg = Debug|Any CPU
		{C7BB1929-C354-4722-8A41-9D423B4F8E30}.Debug|x86.Build.0 = Debug|Any CPU
		{C7BB1929-C354-4722-8A41-9D423B4F8E30}.Release|Any CPU.ActiveCfg = Release|Any CPU
		{C7BB1929-C354-4722-8A41-9D423B4F8E30}.Release|Any CPU.Build.0 = Release|Any CPU
		{C7BB1929-C354-4722-8A41-9D423B4F8E30}.Release|x64.ActiveCfg = Release|Any CPU
		{C7BB1929-C354-4722-8A41-9D423B4F8E30}.Release|x64.Build.0 = Release|Any CPU
		{C7BB1929-C354-4722-8A41-9D423B4F8E30}.Release|x86.ActiveCfg = Release|Any CPU
		{C7BB1929-C354-4722-8A41-9D423B4F8E30}.Release|x86.Build.0 = Release|Any CPU
		{031CC295-3C1E-415C-A2F2-009E4DB893A6}.Debug|Any CPU.ActiveCfg = Debug|Any CPU
		{031CC295-3C1E-415C-A2F2-009E4DB893A6}.Debug|Any CPU.Build.0 = Debug|Any CPU
		{031CC295-3C1E-415C-A2F2-009E4DB893A6}.Debug|x64.ActiveCfg = Debug|Any CPU
		{031CC295-3C1E-415C-A2F2-009E4DB893A6}.Debug|x64.Build.0 = Debug|Any CPU
		{031CC295-3C1E-415C-A2F2-009E4DB893A6}.Debug|x86.ActiveCfg = Debug|Any CPU
		{031CC295-3C1E-415C-A2F2-009E4DB893A6}.Debug|x86.Build.0 = Debug|Any CPU
		{031CC295-3C1E-415C-A2F2-009E4DB893A6}.Release|Any CPU.ActiveCfg = Release|Any CPU
		{031CC295-3C1E-415C-A2F2-009E4DB893A6}.Release|Any CPU.Build.0 = Release|Any CPU
		{031CC295-3C1E-415C-A2F2-009E4DB893A6}.Release|x64.ActiveCfg = Release|Any CPU
		{031CC295-3C1E-415C-A2F2-009E4DB893A6}.Release|x64.Build.0 = Release|Any CPU
		{031CC295-3C1E-415C-A2F2-009E4DB893A6}.Release|x86.ActiveCfg = Release|Any CPU
		{031CC295-3C1E-415C-A2F2-009E4DB893A6}.Release|x86.Build.0 = Release|Any CPU
		{AC467600-6F66-49D9-B8F7-4A0F6D2B656E}.Debug|Any CPU.ActiveCfg = Debug|Any CPU
		{AC467600-6F66-49D9-B8F7-4A0F6D2B656E}.Debug|Any CPU.Build.0 = Debug|Any CPU
		{AC467600-6F66-49D9-B8F7-4A0F6D2B656E}.Debug|x64.ActiveCfg = Debug|Any CPU
		{AC467600-6F66-49D9-B8F7-4A0F6D2B656E}.Debug|x64.Build.0 = Debug|Any CPU
		{AC467600-6F66-49D9-B8F7-4A0F6D2B656E}.Debug|x86.ActiveCfg = Debug|Any CPU
		{AC467600-6F66-49D9-B8F7-4A0F6D2B656E}.Debug|x86.Build.0 = Debug|Any CPU
		{AC467600-6F66-49D9-B8F7-4A0F6D2B656E}.Release|Any CPU.ActiveCfg = Release|Any CPU
		{AC467600-6F66-49D9-B8F7-4A0F6D2B656E}.Release|Any CPU.Build.0 = Release|Any CPU
		{AC467600-6F66-49D9-B8F7-4A0F6D2B656E}.Release|x64.ActiveCfg = Release|Any CPU
		{AC467600-6F66-49D9-B8F7-4A0F6D2B656E}.Release|x64.Build.0 = Release|Any CPU
		{AC467600-6F66-49D9-B8F7-4A0F6D2B656E}.Release|x86.ActiveCfg = Release|Any CPU
		{AC467600-6F66-49D9-B8F7-4A0F6D2B656E}.Release|x86.Build.0 = Release|Any CPU
	EndGlobalSection
	GlobalSection(SolutionProperties) = preSolution
		HideSolutionNode = FALSE
	EndGlobalSection
	GlobalSection(NestedProjects) = preSolution
		{9B0B11D5-F65F-4390-9124-79C3CB2EE34B} = {FBF56CC3-7AE6-AD2D-3F14-7F97FD322CD6}
		{E4D925BB-EB21-135E-07FA-7558DA769730} = {324791A1-5798-203D-0CA6-A8E0DAEC81C8}
		{681F9F1C-6190-4EE1-82C7-D810CDCDC582} = {E4D925BB-EB21-135E-07FA-7558DA769730}
		{91D1BC8C-EC53-FBF8-D730-71448E1710A6} = {324791A1-5798-203D-0CA6-A8E0DAEC81C8}
		{C7BB1929-C354-4722-8A41-9D423B4F8E30} = {91D1BC8C-EC53-FBF8-D730-71448E1710A6}
		{C12F4581-1215-E9D3-7920-679DE6ABBC05} = {324791A1-5798-203D-0CA6-A8E0DAEC81C8}
		{031CC295-3C1E-415C-A2F2-009E4DB893A6} = {C12F4581-1215-E9D3-7920-679DE6ABBC05}
		{3260BC3A-D039-20BF-4861-22673C64F5D4} = {324791A1-5798-203D-0CA6-A8E0DAEC81C8}
		{AC467600-6F66-49D9-B8F7-4A0F6D2B656E} = {3260BC3A-D039-20BF-4861-22673C64F5D4}
	EndGlobalSection
EndGlobal
