Microsoft Visual Studio Solution File, Format Version 12.00
# Visual Studio Version 17
VisualStudioVersion = 17.5.2.0
MinimumVisualStudioVersion = 10.0.40219.1
Project("{FAE04EC0-301F-11D3-BF4B-00C04F79EFBC}") = "ShadowMapping.Windows", "Platforms\Windows\ShadowMapping.Windows.csproj", "{A1A1A1A1-0000-0000-0000-000000000001}"
EndProject
Project("{FAE04EC0-301F-11D3-BF4B-00C04F79EFBC}") = "ShadowMapping.Android", "Platforms\Android\ShadowMapping.Android.csproj", "{A1A1A1A1-0000-0000-0000-000000000003}"
EndProject
Project("{FAE04EC0-301F-11D3-BF4B-00C04F79EFBC}") = "ShadowMapping.iOS", "Platforms\iOS\ShadowMapping.iOS.csproj", "{A1A1A1A1-0000-0000-0000-000000000004}"
EndProject
Project("{FAE04EC0-301F-11D3-BF4B-00C04F79EFBC}") = "ShadowMapping.Core", "Core\ShadowMapping.Core.csproj", "{ACD6FB30-5B06-0789-1F4A-C9503BFCBD37}"
EndProject
Project("{FAE04EC0-301F-11D3-BF4B-00C04F79EFBC}") = "ShadowMapping.DesktopGL", "Platforms\Desktop\ShadowMapping.DesktopGL.csproj", "{BBF9F338-E5B1-98C3-5DBA-2583E76FD4C4}"
EndProject
Global
	GlobalSection(SolutionConfigurationPlatforms) = preSolution
		Debug|Any CPU = Debug|Any CPU
		Release|Any CPU = Release|Any CPU
	EndGlobalSection
	GlobalSection(ProjectConfigurationPlatforms) = postSolution
		{A1A1A1A1-0000-0000-0000-000000000001}.Debug|Any CPU.ActiveCfg = Debug|Any CPU
		{A1A1A1A1-0000-0000-0000-000000000001}.Debug|Any CPU.Build.0 = Debug|Any CPU
		{A1A1A1A1-0000-0000-0000-000000000001}.Release|Any CPU.ActiveCfg = Release|Any CPU
		{A1A1A1A1-0000-0000-0000-000000000001}.Release|Any CPU.Build.0 = Release|Any CPU
		{A1A1A1A1-0000-0000-0000-000000000003}.Debug|Any CPU.ActiveCfg = Debug|Any CPU
		{A1A1A1A1-0000-0000-0000-000000000003}.Debug|Any CPU.Build.0 = Debug|Any CPU
		{A1A1A1A1-0000-0000-0000-000000000003}.Debug|Any CPU.Deploy.0 = Debug|Any CPU
		{A1A1A1A1-0000-0000-0000-000000000003}.Release|Any CPU.ActiveCfg = Release|Any CPU
		{A1A1A1A1-0000-0000-0000-000000000003}.Release|Any CPU.Build.0 = Release|Any CPU
		{A1A1A1A1-0000-0000-0000-000000000003}.Release|Any CPU.Deploy.0 = Release|Any CPU
		{A1A1A1A1-0000-0000-0000-000000000004}.Debug|Any CPU.ActiveCfg = Debug|Any CPU
		{A1A1A1A1-0000-0000-0000-000000000004}.Debug|Any CPU.Build.0 = Debug|Any CPU
		{A1A1A1A1-0000-0000-0000-000000000004}.Debug|Any CPU.Deploy.0 = Debug|Any CPU
		{A1A1A1A1-0000-0000-0000-000000000004}.Release|Any CPU.ActiveCfg = Release|Any CPU
		{A1A1A1A1-0000-0000-0000-000000000004}.Release|Any CPU.Build.0 = Release|Any CPU
		{A1A1A1A1-0000-0000-0000-000000000004}.Release|Any CPU.Deploy.0 = Release|Any CPU
		{ACD6FB30-5B06-0789-1F4A-C9503BFCBD37}.Debug|Any CPU.ActiveCfg = Debug|Any CPU
		{ACD6FB30-5B06-0789-1F4A-C9503BFCBD37}.Debug|Any CPU.Build.0 = Debug|Any CPU
		{ACD6FB30-5B06-0789-1F4A-C9503BFCBD37}.Release|Any CPU.ActiveCfg = Release|Any CPU
		{ACD6FB30-5B06-0789-1F4A-C9503BFCBD37}.Release|Any CPU.Build.0 = Release|Any CPU
		{BBF9F338-E5B1-98C3-5DBA-2583E76FD4C4}.Debug|Any CPU.ActiveCfg = Debug|Any CPU
		{BBF9F338-E5B1-98C3-5DBA-2583E76FD4C4}.Debug|Any CPU.Build.0 = Debug|Any CPU
		{BBF9F338-E5B1-98C3-5DBA-2583E76FD4C4}.Release|Any CPU.ActiveCfg = Release|Any CPU
		{BBF9F338-E5B1-98C3-5DBA-2583E76FD4C4}.Release|Any CPU.Build.0 = Release|Any CPU
	EndGlobalSection
	GlobalSection(SolutionProperties) = preSolution
		HideSolutionNode = FALSE
	EndGlobalSection
	GlobalSection(ExtensibilityGlobals) = postSolution
		      SolutionGuid = {5F7C634A-9BDE-4843-8FA5-31A76E08192E}
	EndGlobalSection
EndGlobal
