
Microsoft Visual Studio Solution File, Format Version 12.00
# Visual Studio Version 17
VisualStudioVersion = 17.0.31903.59
MinimumVisualStudioVersion = 10.0.40219.1
Project("{2150E333-8FDC-42A3-9474-1A3956D46DE8}") = "Core", "Core", "{FBF56CC3-7AE6-AD2D-3F14-7F97FD322CD6}"
EndProject
Project("{FAE04EC0-301F-11D3-BF4B-00C04F79EFBC}") = "XNA2DShaderExamples.Core", "Core\XNA2DShaderExamples.Core.csproj", "{119B5664-187F-4427-9317-B7930BE070AB}"
EndProject
Project("{2150E333-8FDC-42A3-9474-1A3956D46DE8}") = "Platforms", "Platforms", "{324791A1-5798-203D-0CA6-A8E0DAEC81C8}"
EndProject
Project("{2150E333-8FDC-42A3-9474-1A3956D46DE8}") = "Windows", "Windows", "{E4D925BB-EB21-135E-07FA-7558DA769730}"
EndProject
Project("{FAE04EC0-301F-11D3-BF4B-00C04F79EFBC}") = "XNA2DShaderExamples.Windows", "Platforms\Windows\XNA2DShaderExamples.Windows.csproj", "{A62D25F1-4E72-43A8-9D9C-038ECB1A2B4C}"
EndProject
Project("{2150E333-8FDC-42A3-9474-1A3956D46DE8}") = "DesktopGL", "DesktopGL", "{91D1BC8C-EC53-FBF8-D730-71448E1710A6}"
EndProject
Project("{FAE04EC0-301F-11D3-BF4B-00C04F79EFBC}") = "XNA2DShaderExamples.DesktopGL", "Platforms\DesktopGL\XNA2DShaderExamples.DesktopGL.csproj", "{21283E2A-531A-4C7E-9C18-9349D967164D}"
EndProject
Project("{2150E333-8FDC-42A3-9474-1A3956D46DE8}") = "Android", "Android", "{C12F4581-1215-E9D3-7920-679DE6ABBC05}"
EndProject
Project("{FAE04EC0-301F-11D3-BF4B-00C04F79EFBC}") = "XNA2DShaderExamples.Android", "Platforms\Android\XNA2DShaderExamples.Android.csproj", "{5632A9F7-2EF7-4B32-975F-56ACC91F57D2}"
EndProject
Project("{2150E333-8FDC-42A3-9474-1A3956D46DE8}") = "iOS", "iOS", "{3260BC3A-D039-20BF-4861-22673C64F5D4}"
EndProject
Project("{FAE04EC0-301F-11D3-BF4B-00C04F79EFBC}") = "XNA2DShaderExamples.iOS", "Platforms\iOS\XNA2DShaderExamples.iOS.csproj", "{2D12772C-92AE-4F50-9DE5-802EB7011B82}"
EndProject
Global
	GlobalSection(SolutionConfigurationPlatforms) = preSolution
		Debug|Any CPU = Debug|Any CPU
		Debug|x64 = Debug|x64
		Debug|x86 = Debug|x86
		Release|Any CPU = Release|Any CPU
		Release|x64 = Release|x64
		Release|x86 = Release|x86
	EndGlobalSection
	GlobalSection(ProjectConfigurationPlatforms) = postSolution
		{119B5664-187F-4427-9317-B7930BE070AB}.Debug|Any CPU.ActiveCfg = Debug|Any CPU
		{119B5664-187F-4427-9317-B7930BE070AB}.Debug|Any CPU.Build.0 = Debug|Any CPU
		{119B5664-187F-4427-9317-B7930BE070AB}.Debug|x64.ActiveCfg = Debug|Any CPU
		{119B5664-187F-4427-9317-B7930BE070AB}.Debug|x64.Build.0 = Debug|Any CPU
		{119B5664-187F-4427-9317-B7930BE070AB}.Debug|x86.ActiveCfg = Debug|Any CPU
		{119B5664-187F-4427-9317-B7930BE070AB}.Debug|x86.Build.0 = Debug|Any CPU
		{119B5664-187F-4427-9317-B7930BE070AB}.Release|Any CPU.ActiveCfg = Release|Any CPU
		{119B5664-187F-4427-9317-B7930BE070AB}.Release|Any CPU.Build.0 = Release|Any CPU
		{119B5664-187F-4427-9317-B7930BE070AB}.Release|x64.ActiveCfg = Release|Any CPU
		{119B5664-187F-4427-9317-B7930BE070AB}.Release|x64.Build.0 = Release|Any CPU
		{119B5664-187F-4427-9317-B7930BE070AB}.Release|x86.ActiveCfg = Release|Any CPU
		{119B5664-187F-4427-9317-B7930BE070AB}.Release|x86.Build.0 = Release|Any CPU
		{A62D25F1-4E72-43A8-9D9C-038ECB1A2B4C}.Debug|Any CPU.ActiveCfg = Debug|x64
		{A62D25F1-4E72-43A8-9D9C-038ECB1A2B4C}.Debug|Any CPU.Build.0 = Debug|x64
		{A62D25F1-4E72-43A8-9D9C-038ECB1A2B4C}.Debug|x64.ActiveCfg = Debug|x64
		{A62D25F1-4E72-43A8-9D9C-038ECB1A2B4C}.Debug|x64.Build.0 = Debug|x64
		{A62D25F1-4E72-43A8-9D9C-038ECB1A2B4C}.Debug|x86.ActiveCfg = Debug|x86
		{A62D25F1-4E72-43A8-9D9C-038ECB1A2B4C}.Debug|x86.Build.0 = Debug|x86
		{A62D25F1-4E72-43A8-9D9C-038ECB1A2B4C}.Release|Any CPU.ActiveCfg = Release|x64
		{A62D25F1-4E72-43A8-9D9C-038ECB1A2B4C}.Release|Any CPU.Build.0 = Release|x64
		{A62D25F1-4E72-43A8-9D9C-038ECB1A2B4C}.Release|x64.ActiveCfg = Release|x64
		{A62D25F1-4E72-43A8-9D9C-038ECB1A2B4C}.Release|x64.Build.0 = Release|x64
		{A62D25F1-4E72-43A8-9D9C-038ECB1A2B4C}.Release|x86.ActiveCfg = Release|x86
		{A62D25F1-4E72-43A8-9D9C-038ECB1A2B4C}.Release|x86.Build.0 = Release|x86
		{21283E2A-531A-4C7E-9C18-9349D967164D}.Debug|Any CPU.ActiveCfg = Debug|Any CPU
		{21283E2A-531A-4C7E-9C18-9349D967164D}.Debug|Any CPU.Build.0 = Debug|Any CPU
		{21283E2A-531A-4C7E-9C18-9349D967164D}.Debug|x64.ActiveCfg = Debug|Any CPU
		{21283E2A-531A-4C7E-9C18-9349D967164D}.Debug|x64.Build.0 = Debug|Any CPU
		{21283E2A-531A-4C7E-9C18-9349D967164D}.Debug|x86.ActiveCfg = Debug|Any CPU
		{21283E2A-531A-4C7E-9C18-9349D967164D}.Debug|x86.Build.0 = Debug|Any CPU
		{21283E2A-531A-4C7E-9C18-9349D967164D}.Release|Any CPU.ActiveCfg = Release|Any CPU
		{21283E2A-531A-4C7E-9C18-9349D967164D}.Release|Any CPU.Build.0 = Release|Any CPU
		{21283E2A-531A-4C7E-9C18-9349D967164D}.Release|x64.ActiveCfg = Release|Any CPU
		{21283E2A-531A-4C7E-9C18-9349D967164D}.Release|x64.Build.0 = Release|Any CPU
		{21283E2A-531A-4C7E-9C18-9349D967164D}.Release|x86.ActiveCfg = Release|Any CPU
		{21283E2A-531A-4C7E-9C18-9349D967164D}.Release|x86.Build.0 = Release|Any CPU
		{5632A9F7-2EF7-4B32-975F-56ACC91F57D2}.Debug|Any CPU.ActiveCfg = Debug|Any CPU
		{5632A9F7-2EF7-4B32-975F-56ACC91F57D2}.Debug|Any CPU.Build.0 = Debug|Any CPU
		{5632A9F7-2EF7-4B32-975F-56ACC91F57D2}.Debug|x64.ActiveCfg = Debug|Any CPU
		{5632A9F7-2EF7-4B32-975F-56ACC91F57D2}.Debug|x64.Build.0 = Debug|Any CPU
		{5632A9F7-2EF7-4B32-975F-56ACC91F57D2}.Debug|x86.ActiveCfg = Debug|Any CPU
		{5632A9F7-2EF7-4B32-975F-56ACC91F57D2}.Debug|x86.Build.0 = Debug|Any CPU
		{5632A9F7-2EF7-4B32-975F-56ACC91F57D2}.Release|Any CPU.ActiveCfg = Release|Any CPU
		{5632A9F7-2EF7-4B32-975F-56ACC91F57D2}.Release|Any CPU.Build.0 = Release|Any CPU
		{5632A9F7-2EF7-4B32-975F-56ACC91F57D2}.Release|x64.ActiveCfg = Release|Any CPU
		{5632A9F7-2EF7-4B32-975F-56ACC91F57D2}.Release|x64.Build.0 = Release|Any CPU
		{5632A9F7-2EF7-4B32-975F-56ACC91F57D2}.Release|x86.ActiveCfg = Release|Any CPU
		{5632A9F7-2EF7-4B32-975F-56ACC91F57D2}.Release|x86.Build.0 = Release|Any CPU
		{2D12772C-92AE-4F50-9DE5-802EB7011B82}.Debug|Any CPU.ActiveCfg = Debug|Any CPU
		{2D12772C-92AE-4F50-9DE5-802EB7011B82}.Debug|Any CPU.Build.0 = Debug|Any CPU
		{2D12772C-92AE-4F50-9DE5-802EB7011B82}.Debug|x64.ActiveCfg = Debug|Any CPU
		{2D12772C-92AE-4F50-9DE5-802EB7011B82}.Debug|x64.Build.0 = Debug|Any CPU
		{2D12772C-92AE-4F50-9DE5-802EB7011B82}.Debug|x86.ActiveCfg = Debug|Any CPU
		{2D12772C-92AE-4F50-9DE5-802EB7011B82}.Debug|x86.Build.0 = Debug|Any CPU
		{2D12772C-92AE-4F50-9DE5-802EB7011B82}.Release|Any CPU.ActiveCfg = Release|Any CPU
		{2D12772C-92AE-4F50-9DE5-802EB7011B82}.Release|Any CPU.Build.0 = Release|Any CPU
		{2D12772C-92AE-4F50-9DE5-802EB7011B82}.Release|x64.ActiveCfg = Release|Any CPU
		{2D12772C-92AE-4F50-9DE5-802EB7011B82}.Release|x64.Build.0 = Release|Any CPU
		{2D12772C-92AE-4F50-9DE5-802EB7011B82}.Release|x86.ActiveCfg = Release|Any CPU
		{2D12772C-92AE-4F50-9DE5-802EB7011B82}.Release|x86.Build.0 = Release|Any CPU
	EndGlobalSection
	GlobalSection(SolutionProperties) = preSolution
		HideSolutionNode = FALSE
	EndGlobalSection
	GlobalSection(NestedProjects) = preSolution
		{119B5664-187F-4427-9317-B7930BE070AB} = {FBF56CC3-7AE6-AD2D-3F14-7F97FD322CD6}
		{E4D925BB-EB21-135E-07FA-7558DA769730} = {324791A1-5798-203D-0CA6-A8E0DAEC81C8}
		{A62D25F1-4E72-43A8-9D9C-038ECB1A2B4C} = {E4D925BB-EB21-135E-07FA-7558DA769730}
		{91D1BC8C-EC53-FBF8-D730-71448E1710A6} = {324791A1-5798-203D-0CA6-A8E0DAEC81C8}
		{21283E2A-531A-4C7E-9C18-9349D967164D} = {91D1BC8C-EC53-FBF8-D730-71448E1710A6}
		{C12F4581-1215-E9D3-7920-679DE6ABBC05} = {324791A1-5798-203D-0CA6-A8E0DAEC81C8}
		{5632A9F7-2EF7-4B32-975F-56ACC91F57D2} = {C12F4581-1215-E9D3-7920-679DE6ABBC05}
		{3260BC3A-D039-20BF-4861-22673C64F5D4} = {324791A1-5798-203D-0CA6-A8E0DAEC81C8}
		{2D12772C-92AE-4F50-9DE5-802EB7011B82} = {3260BC3A-D039-20BF-4861-22673C64F5D4}
	EndGlobalSection
EndGlobal
